Microsoft Visual Studio Solution File, Format Version 12.00
# Visual Studio 16
Project("{2150E333-8FDC-42A3-9474-1A3956D46DE8}") = "CMakePredefinedTargets", "CMakePredefinedTargets", "{7F558DA4-59EE-3DFF-B2A7-BE5DBFAC5011}"
EndProject
Project("{2150E333-8FDC-42A3-9474-1A3956D46DE8}") = "GLFW3", "GLFW3", "{0DCB6145-7EC2-3144-B14B-CB82FCDA2609}"
EndProject
Project("{8BC9CEB8-8B4A-11D0-8D11-00A0C91BC942}") = "ALL_BUILD", "ALL_BUILD.vcxproj", "{B5BD2D98-4E92-3F17-A8BE-56094B2A50FA}"
	ProjectSection(ProjectDependencies) = postProject
		{2C87150F-5357-317D-9C0E-8931B9C486BE} = {2C87150F-5357-317D-9C0E-8931B9C486BE}
		{2EEA3033-06D9-3842-8716-3CDE08B7650B} = {2EEA3033-06D9-3842-8716-3CDE08B7650B}
		{BA1BA93B-DDBA-333D-B2C4-78B85EE63556} = {BA1BA93B-DDBA-333D-B2C4-78B85EE63556}
		{3F26E093-2ADC-31CA-988D-FA027FF9C6CE} = {3F26E093-2ADC-31CA-988D-FA027FF9C6CE}
		{13905689-8E25-37D1-9016-6A39B5273327} = {13905689-8E25-37D1-9016-6A39B5273327}
		{55F3E925-6565-378F-8026-91E35AEFB44C} = {55F3E925-6565-378F-8026-91E35AEFB44C}
		{E7DA747B-C5E4-38E4-9CD3-EB724FF52CB7} = {E7DA747B-C5E4-38E4-9CD3-EB724FF52CB7}
		{7192D76D-3BDE-382B-B896-5A49AA291F60} = {7192D76D-3BDE-382B-B896-5A49AA291F60}
		{087E72A0-3835-310F-8BAB-75E34D9F1398} = {087E72A0-3835-310F-8BAB-75E34D9F1398}
	EndProjectSection
EndProject
Project("{8BC9CEB8-8B4A-11D0-8D11-00A0C91BC942}") = "App", "Apps\App.vcxproj", "{2C87150F-5357-317D-9C0E-8931B9C486BE}"
	ProjectSection(ProjectDependencies) = postProject
		{2EEA3033-06D9-3842-8716-3CDE08B7650B} = {2EEA3033-06D9-3842-8716-3CDE08B7650B}
		{BA1BA93B-DDBA-333D-B2C4-78B85EE63556} = {BA1BA93B-DDBA-333D-B2C4-78B85EE63556}
		{3F26E093-2ADC-31CA-988D-FA027FF9C6CE} = {3F26E093-2ADC-31CA-988D-FA027FF9C6CE}
		{E7DA747B-C5E4-38E4-9CD3-EB724FF52CB7} = {E7DA747B-C5E4-38E4-9CD3-EB724FF52CB7}
		{7192D76D-3BDE-382B-B896-5A49AA291F60} = {7192D76D-3BDE-382B-B896-5A49AA291F60}
		{087E72A0-3835-310F-8BAB-75E34D9F1398} = {087E72A0-3835-310F-8BAB-75E34D9F1398}
	EndProjectSection
EndProject
Project("{8BC9CEB8-8B4A-11D0-8D11-00A0C91BC942}") = "Base", "Base\Base.vcxproj", "{2EEA3033-06D9-3842-8716-3CDE08B7650B}"
	ProjectSection(ProjectDependencies) = postProject
		{7192D76D-3BDE-382B-B896-5A49AA291F60} = {7192D76D-3BDE-382B-B896-5A49AA291F60}
	EndProjectSection
EndProject
Project("{8BC9CEB8-8B4A-11D0-8D11-00A0C91BC942}") = "DataHandling", "DataHandling\DataHandling.vcxproj", "{BA1BA93B-DDBA-333D-B2C4-78B85EE63556}"
	ProjectSection(ProjectDependencies) = postProject
		{2EEA3033-06D9-3842-8716-3CDE08B7650B} = {2EEA3033-06D9-3842-8716-3CDE08B7650B}
		{7192D76D-3BDE-382B-B896-5A49AA291F60} = {7192D76D-3BDE-382B-B896-5A49AA291F60}
	EndProjectSection
EndProject
Project("{8BC9CEB8-8B4A-11D0-8D11-00A0C91BC942}") = "DebugUI", "DebugUI\DebugUI.vcxproj", "{3F26E093-2ADC-31CA-988D-FA027FF9C6CE}"
	ProjectSection(ProjectDependencies) = postProject
		{7192D76D-3BDE-382B-B896-5A49AA291F60} = {7192D76D-3BDE-382B-B896-5A49AA291F60}
	EndProjectSection
EndProject
Project("{8BC9CEB8-8B4A-11D0-8D11-00A0C91BC942}") = "INSTALL", "INSTALL.vcxproj", "{FDE779F4-A2A7-3615-8FA3-FD6399428A3B}"
	ProjectSection(ProjectDependencies) = postProject
		{B5BD2D98-4E92-3F17-A8BE-56094B2A50FA} = {B5BD2D98-4E92-3F17-A8BE-56094B2A50FA}
		{7192D76D-3BDE-382B-B896-5A49AA291F60} = {7192D76D-3BDE-382B-B896-5A49AA291F60}
	EndProjectSection
EndProject
Project("{8BC9CEB8-8B4A-11D0-8D11-00A0C91BC942}") = "MeshDebugRendering", "Apps\MeshDebugRendering.vcxproj", "{13905689-8E25-37D1-9016-6A39B5273327}"
	ProjectSection(ProjectDependencies) = postProject
		{2EEA3033-06D9-3842-8716-3CDE08B7650B} = {2EEA3033-06D9-3842-8716-3CDE08B7650B}
		{BA1BA93B-DDBA-333D-B2C4-78B85EE63556} = {BA1BA93B-DDBA-333D-B2C4-78B85EE63556}
		{3F26E093-2ADC-31CA-988D-FA027FF9C6CE} = {3F26E093-2ADC-31CA-988D-FA027FF9C6CE}
		{E7DA747B-C5E4-38E4-9CD3-EB724FF52CB7} = {E7DA747B-C5E4-38E4-9CD3-EB724FF52CB7}
		{7192D76D-3BDE-382B-B896-5A49AA291F60} = {7192D76D-3BDE-382B-B896-5A49AA291F60}
		{087E72A0-3835-310F-8BAB-75E34D9F1398} = {087E72A0-3835-310F-8BAB-75E34D9F1398}
	EndProjectSection
EndProject
Project("{8BC9CEB8-8B4A-11D0-8D11-00A0C91BC942}") = "VoxelRendering", "Apps\VoxelRendering.vcxproj", "{55F3E925-6565-378F-8026-91E35AEFB44C}"
	ProjectSection(ProjectDependencies) = postProject
		{2EEA3033-06D9-3842-8716-3CDE08B7650B} = {2EEA3033-06D9-3842-8716-3CDE08B7650B}
		{BA1BA93B-DDBA-333D-B2C4-78B85EE63556} = {BA1BA93B-DDBA-333D-B2C4-78B85EE63556}
		{3F26E093-2ADC-31CA-988D-FA027FF9C6CE} = {3F26E093-2ADC-31CA-988D-FA027FF9C6CE}
		{E7DA747B-C5E4-38E4-9CD3-EB724FF52CB7} = {E7DA747B-C5E4-38E4-9CD3-EB724FF52CB7}
		{7192D76D-3BDE-382B-B896-5A49AA291F60} = {7192D76D-3BDE-382B-B896-5A49AA291F60}
		{087E72A0-3835-310F-8BAB-75E34D9F1398} = {087E72A0-3835-310F-8BAB-75E34D9F1398}
	EndProjectSection
EndProject
Project("{8BC9CEB8-8B4A-11D0-8D11-00A0C91BC942}") = "VulkanWrapper", "VulkanWrapper\VulkanWrapper.vcxproj", "{E7DA747B-C5E4-38E4-9CD3-EB724FF52CB7}"
	ProjectSection(ProjectDependencies) = postProject
		{7192D76D-3BDE-382B-B896-5A49AA291F60} = {7192D76D-3BDE-382B-B896-5A49AA291F60}
		{087E72A0-3835-310F-8BAB-75E34D9F1398} = {087E72A0-3835-310F-8BAB-75E34D9F1398}
	EndProjectSection
EndProject
Project("{8BC9CEB8-8B4A-11D0-8D11-00A0C91BC942}") = "ZERO_CHECK", "ZERO_CHECK.vcxproj", "{7192D76D-3BDE-382B-B896-5A49AA291F60}"
	ProjectSection(ProjectDependencies) = postProject
	EndProjectSection
EndProject
Project("{8BC9CEB8-8B4A-11D0-8D11-00A0C91BC942}") = "glfw", "Libs\glfw\src\glfw.vcxproj", "{087E72A0-3835-310F-8BAB-75E34D9F1398}"
	ProjectSection(ProjectDependencies) = postProject
		{7192D76D-3BDE-382B-B896-5A49AA291F60} = {7192D76D-3BDE-382B-B896-5A49AA291F60}
	EndProjectSection
EndProject
Project("{8BC9CEB8-8B4A-11D0-8D11-00A0C91BC942}") = "uninstall", "Libs\glfw\uninstall.vcxproj", "{58D9F6D4-4294-350E-AA18-691179820873}"
	ProjectSection(ProjectDependencies) = postProject
		{7192D76D-3BDE-382B-B896-5A49AA291F60} = {7192D76D-3BDE-382B-B896-5A49AA291F60}
	EndProjectSection
EndProject
Global
	GlobalSection(SolutionConfigurationPlatforms) = preSolution
		Debug|x64 = Debug|x64
		Release|x64 = Release|x64
		MinSizeRel|x64 = MinSizeRel|x64
		RelWithDebInfo|x64 = RelWithDebInfo|x64
	EndGlobalSection
	GlobalSection(ProjectConfigurationPlatforms) = postSolution
		{B5BD2D98-4E92-3F17-A8BE-56094B2A50FA}.Debug|x64.ActiveCfg = Debug|x64
		{B5BD2D98-4E92-3F17-A8BE-56094B2A50FA}.Debug|x64.Build.0 = Debug|x64
		{B5BD2D98-4E92-3F17-A8BE-56094B2A50FA}.Release|x64.ActiveCfg = Release|x64
		{B5BD2D98-4E92-3F17-A8BE-56094B2A50FA}.Release|x64.Build.0 = Release|x64
		{B5BD2D98-4E92-3F17-A8BE-56094B2A50FA}.MinSizeRel|x64.ActiveCfg = MinSizeRel|x64
		{B5BD2D98-4E92-3F17-A8BE-56094B2A50FA}.MinSizeRel|x64.Build.0 = MinSizeRel|x64
		{B5BD2D98-4E92-3F17-A8BE-56094B2A50FA}.RelWithDebInfo|x64.ActiveCfg = RelWithDebInfo|x64
		{B5BD2D98-4E92-3F17-A8BE-56094B2A50FA}.RelWithDebInfo|x64.Build.0 = RelWithDebInfo|x64
		{2C87150F-5357-317D-9C0E-8931B9C486BE}.Debug|x64.ActiveCfg = Debug|x64
		{2C87150F-5357-317D-9C0E-8931B9C486BE}.Debug|x64.Build.0 = Debug|x64
		{2C87150F-5357-317D-9C0E-8931B9C486BE}.Release|x64.ActiveCfg = Release|x64
		{2C87150F-5357-317D-9C0E-8931B9C486BE}.Release|x64.Build.0 = Release|x64
		{2C87150F-5357-317D-9C0E-8931B9C486BE}.MinSizeRel|x64.ActiveCfg = MinSizeRel|x64
		{2C87150F-5357-317D-9C0E-8931B9C486BE}.MinSizeRel|x64.Build.0 = MinSizeRel|x64
		{2C87150F-5357-317D-9C0E-8931B9C486BE}.RelWithDebInfo|x64.ActiveCfg = RelWithDebInfo|x64
		{2C87150F-5357-317D-9C0E-8931B9C486BE}.RelWithDebInfo|x64.Build.0 = RelWithDebInfo|x64
		{2EEA3033-06D9-3842-8716-3CDE08B7650B}.Debug|x64.ActiveCfg = Debug|x64
		{2EEA3033-06D9-3842-8716-3CDE08B7650B}.Debug|x64.Build.0 = Debug|x64
		{2EEA3033-06D9-3842-8716-3CDE08B7650B}.Release|x64.ActiveCfg = Release|x64
		{2EEA3033-06D9-3842-8716-3CDE08B7650B}.Release|x64.Build.0 = Release|x64
		{2EEA3033-06D9-3842-8716-3CDE08B7650B}.MinSizeRel|x64.ActiveCfg = MinSizeRel|x64
		{2EEA3033-06D9-3842-8716-3CDE08B7650B}.MinSizeRel|x64.Build.0 = MinSizeRel|x64
		{2EEA3033-06D9-3842-8716-3CDE08B7650B}.RelWithDebInfo|x64.ActiveCfg = RelWithDebInfo|x64
		{2EEA3033-06D9-3842-8716-3CDE08B7650B}.RelWithDebInfo|x64.Build.0 = RelWithDebInfo|x64
		{BA1BA93B-DDBA-333D-B2C4-78B85EE63556}.Debug|x64.ActiveCfg = Debug|x64
		{BA1BA93B-DDBA-333D-B2C4-78B85EE63556}.Debug|x64.Build.0 = Debug|x64
		{BA1BA93B-DDBA-333D-B2C4-78B85EE63556}.Release|x64.ActiveCfg = Release|x64
		{BA1BA93B-DDBA-333D-B2C4-78B85EE63556}.Release|x64.Build.0 = Release|x64
		{BA1BA93B-DDBA-333D-B2C4-78B85EE63556}.MinSizeRel|x64.ActiveCfg = MinSizeRel|x64
		{BA1BA93B-DDBA-333D-B2C4-78B85EE63556}.MinSizeRel|x64.Build.0 = MinSizeRel|x64
		{BA1BA93B-DDBA-333D-B2C4-78B85EE63556}.RelWithDebInfo|x64.ActiveCfg = RelWithDebInfo|x64
		{BA1BA93B-DDBA-333D-B2C4-78B85EE63556}.RelWithDebInfo|x64.Build.0 = RelWithDebInfo|x64
		{3F26E093-2ADC-31CA-988D-FA027FF9C6CE}.Debug|x64.ActiveCfg = Debug|x64
		{3F26E093-2ADC-31CA-988D-FA027FF9C6CE}.Debug|x64.Build.0 = Debug|x64
		{3F26E093-2ADC-31CA-988D-FA027FF9C6CE}.Release|x64.ActiveCfg = Release|x64
		{3F26E093-2ADC-31CA-988D-FA027FF9C6CE}.Release|x64.Build.0 = Release|x64
		{3F26E093-2ADC-31CA-988D-FA027FF9C6CE}.MinSizeRel|x64.ActiveCfg = MinSizeRel|x64
		{3F26E093-2ADC-31CA-988D-FA027FF9C6CE}.MinSizeRel|x64.Build.0 = MinSizeRel|x64
		{3F26E093-2ADC-31CA-988D-FA027FF9C6CE}.RelWithDebInfo|x64.ActiveCfg = RelWithDebInfo|x64
		{3F26E093-2ADC-31CA-988D-FA027FF9C6CE}.RelWithDebInfo|x64.Build.0 = RelWithDebInfo|x64
		{FDE779F4-A2A7-3615-8FA3-FD6399428A3B}.Debug|x64.ActiveCfg = Debug|x64
		{FDE779F4-A2A7-3615-8FA3-FD6399428A3B}.Release|x64.ActiveCfg = Release|x64
		{FDE779F4-A2A7-3615-8FA3-FD6399428A3B}.MinSizeRel|x64.ActiveCfg = MinSizeRel|x64
		{FDE779F4-A2A7-3615-8FA3-FD6399428A3B}.RelWithDebInfo|x64.ActiveCfg = RelWithDebInfo|x64
		{13905689-8E25-37D1-9016-6A39B5273327}.Debug|x64.ActiveCfg = Debug|x64
		{13905689-8E25-37D1-9016-6A39B5273327}.Debug|x64.Build.0 = Debug|x64
		{13905689-8E25-37D1-9016-6A39B5273327}.Release|x64.ActiveCfg = Release|x64
		{13905689-8E25-37D1-9016-6A39B5273327}.Release|x64.Build.0 = Release|x64
		{13905689-8E25-37D1-9016-6A39B5273327}.MinSizeRel|x64.ActiveCfg = MinSizeRel|x64
		{13905689-8E25-37D1-9016-6A39B5273327}.MinSizeRel|x64.Build.0 = MinSizeRel|x64
		{13905689-8E25-37D1-9016-6A39B5273327}.RelWithDebInfo|x64.ActiveCfg = RelWithDebInfo|x64
		{13905689-8E25-37D1-9016-6A39B5273327}.RelWithDebInfo|x64.Build.0 = RelWithDebInfo|x64
		{55F3E925-6565-378F-8026-91E35AEFB44C}.Debug|x64.ActiveCfg = Debug|x64
		{55F3E925-6565-378F-8026-91E35AEFB44C}.Debug|x64.Build.0 = Debug|x64
		{55F3E925-6565-378F-8026-91E35AEFB44C}.Release|x64.ActiveCfg = Release|x64
		{55F3E925-6565-378F-8026-91E35AEFB44C}.Release|x64.Build.0 = Release|x64
		{55F3E925-6565-378F-8026-91E35AEFB44C}.MinSizeRel|x64.ActiveCfg = MinSizeRel|x64
		{55F3E925-6565-378F-8026-91E35AEFB44C}.MinSizeRel|x64.Build.0 = MinSizeRel|x64
		{55F3E925-6565-378F-8026-91E35AEFB44C}.RelWithDebInfo|x64.ActiveCfg = RelWithDebInfo|x64
		{55F3E925-6565-378F-8026-91E35AEFB44C}.RelWithDebInfo|x64.Build.0 = RelWithDebInfo|x64
		{E7DA747B-C5E4-38E4-9CD3-EB724FF52CB7}.Debug|x64.ActiveCfg = Debug|x64
		{E7DA747B-C5E4-38E4-9CD3-EB724FF52CB7}.Debug|x64.Build.0 = Debug|x64
		{E7DA747B-C5E4-38E4-9CD3-EB724FF52CB7}.Release|x64.ActiveCfg = Release|x64
		{E7DA747B-C5E4-38E4-9CD3-EB724FF52CB7}.Release|x64.Build.0 = Release|x64
		{E7DA747B-C5E4-38E4-9CD3-EB724FF52CB7}.MinSizeRel|x64.ActiveCfg = MinSizeRel|x64
		{E7DA747B-C5E4-38E4-9CD3-EB724FF52CB7}.MinSizeRel|x64.Build.0 = MinSizeRel|x64
		{E7DA747B-C5E4-38E4-9CD3-EB724FF52CB7}.RelWithDebInfo|x64.ActiveCfg = RelWithDebInfo|x64
		{E7DA747B-C5E4-38E4-9CD3-EB724FF52CB7}.RelWithDebInfo|x64.Build.0 = RelWithDebInfo|x64
		{7192D76D-3BDE-382B-B896-5A49AA291F60}.Debug|x64.ActiveCfg = Debug|x64
		{7192D76D-3BDE-382B-B896-5A49AA291F60}.Debug|x64.Build.0 = Debug|x64
		{7192D76D-3BDE-382B-B896-5A49AA291F60}.Release|x64.ActiveCfg = Release|x64
		{7192D76D-3BDE-382B-B896-5A49AA291F60}.Release|x64.Build.0 = Release|x64
		{7192D76D-3BDE-382B-B896-5A49AA291F60}.MinSizeRel|x64.ActiveCfg = MinSizeRel|x64
		{7192D76D-3BDE-382B-B896-5A49AA291F60}.MinSizeRel|x64.Build.0 = MinSizeRel|x64
		{7192D76D-3BDE-382B-B896-5A49AA291F60}.RelWithDebInfo|x64.ActiveCfg = RelWithDebInfo|x64
		{7192D76D-3BDE-382B-B896-5A49AA291F60}.RelWithDebInfo|x64.Build.0 = RelWithDebInfo|x64
		{087E72A0-3835-310F-8BAB-75E34D9F1398}.Debug|x64.ActiveCfg = Debug|x64
		{087E72A0-3835-310F-8BAB-75E34D9F1398}.Debug|x64.Build.0 = Debug|x64
		{087E72A0-3835-310F-8BAB-75E34D9F1398}.Release|x64.ActiveCfg = Release|x64
		{087E72A0-3835-310F-8BAB-75E34D9F1398}.Release|x64.Build.0 = Release|x64
		{087E72A0-3835-310F-8BAB-75E34D9F1398}.MinSizeRel|x64.ActiveCfg = MinSizeRel|x64
		{087E72A0-3835-310F-8BAB-75E34D9F1398}.MinSizeRel|x64.Build.0 = MinSizeRel|x64
		{087E72A0-3835-310F-8BAB-75E34D9F1398}.RelWithDebInfo|x64.ActiveCfg = RelWithDebInfo|x64
		{087E72A0-3835-310F-8BAB-75E34D9F1398}.RelWithDebInfo|x64.Build.0 = RelWithDebInfo|x64
		{58D9F6D4-4294-350E-AA18-691179820873}.Debug|x64.ActiveCfg = Debug|x64
		{58D9F6D4-4294-350E-AA18-691179820873}.Release|x64.ActiveCfg = Release|x64
		{58D9F6D4-4294-350E-AA18-691179820873}.MinSizeRel|x64.ActiveCfg = MinSizeRel|x64
		{58D9F6D4-4294-350E-AA18-691179820873}.RelWithDebInfo|x64.ActiveCfg = RelWithDebInfo|x64
	EndGlobalSection
	GlobalSection(NestedProjects) = preSolution
		{B5BD2D98-4E92-3F17-A8BE-56094B2A50FA} = {7F558DA4-59EE-3DFF-B2A7-BE5DBFAC5011}
		{FDE779F4-A2A7-3615-8FA3-FD6399428A3B} = {7F558DA4-59EE-3DFF-B2A7-BE5DBFAC5011}
		{7192D76D-3BDE-382B-B896-5A49AA291F60} = {7F558DA4-59EE-3DFF-B2A7-BE5DBFAC5011}
		{087E72A0-3835-310F-8BAB-75E34D9F1398} = {0DCB6145-7EC2-3144-B14B-CB82FCDA2609}
		{58D9F6D4-4294-350E-AA18-691179820873} = {0DCB6145-7EC2-3144-B14B-CB82FCDA2609}
	EndGlobalSection
	GlobalSection(ExtensibilityGlobals) = postSolution
		SolutionGuid = {DE3DAAB0-F37A-3030-AED7-E328DE3B92C1}
	EndGlobalSection
	GlobalSection(ExtensibilityAddIns) = postSolution
	EndGlobalSection
EndGlobal
