Microsoft Visual Studio Solution File, Format Version 12.00
# Visual Studio 16
Project("{2150E333-8FDC-42A3-9474-1A3956D46DE8}") = "CMakePredefinedTargets", "CMakePredefinedTargets", "{7F558DA4-59EE-3DFF-B2A7-BE5DBFAC5011}"
EndProject
Project("{2150E333-8FDC-42A3-9474-1A3956D46DE8}") = "CTestDashboardTargets", "CTestDashboardTargets", "{9F289263-22D3-35B7-B8FF-035078CC7EFF}"
EndProject
Project("{2150E333-8FDC-42A3-9474-1A3956D46DE8}") = "GLFW3", "GLFW3", "{0DCB6145-7EC2-3144-B14B-CB82FCDA2609}"
EndProject
Project("{2150E333-8FDC-42A3-9474-1A3956D46DE8}") = "glslang", "glslang", "{E9A86AF9-73F7-3B47-BB4F-E1AD58BA3165}"
EndProject
Project("{2150E333-8FDC-42A3-9474-1A3956D46DE8}") = "hlsl", "hlsl", "{5A4A327F-4334-3BD5-B271-702548599139}"
EndProject
Project("{2150E333-8FDC-42A3-9474-1A3956D46DE8}") = "tools", "tools", "{846B08F7-5292-38D2-A042-8EA1037DBC73}"
EndProject
Project("{8BC9CEB8-8B4A-11D0-8D11-00A0C91BC942}") = "ALL_BUILD", "ALL_BUILD.vcxproj", "{B5BD2D98-4E92-3F17-A8BE-56094B2A50FA}"
	ProjectSection(ProjectDependencies) = postProject
		{2C87150F-5357-317D-9C0E-8931B9C486BE} = {2C87150F-5357-317D-9C0E-8931B9C486BE}
		{2EEA3033-06D9-3842-8716-3CDE08B7650B} = {2EEA3033-06D9-3842-8716-3CDE08B7650B}
		{BA1BA93B-DDBA-333D-B2C4-78B85EE63556} = {BA1BA93B-DDBA-333D-B2C4-78B85EE63556}
		{3F26E093-2ADC-31CA-988D-FA027FF9C6CE} = {3F26E093-2ADC-31CA-988D-FA027FF9C6CE}
		{64E0A848-3FB3-38E1-841B-F0CD7EE3DD84} = {64E0A848-3FB3-38E1-841B-F0CD7EE3DD84}
		{515EA535-4881-3D5E-A86C-7D850FC0B65C} = {515EA535-4881-3D5E-A86C-7D850FC0B65C}
		{F86EA9CF-B452-3BAC-862A-FE94D86B0972} = {F86EA9CF-B452-3BAC-862A-FE94D86B0972}
		{13905689-8E25-37D1-9016-6A39B5273327} = {13905689-8E25-37D1-9016-6A39B5273327}
		{3C2B4AA5-9960-3EE6-B151-F4DD16E1BDC7} = {3C2B4AA5-9960-3EE6-B151-F4DD16E1BDC7}
		{566EE103-5CAD-3B51-A483-C95219E12B23} = {566EE103-5CAD-3B51-A483-C95219E12B23}
		{0E586FBA-1B0D-3B9F-99C9-248913B5F9CE} = {0E586FBA-1B0D-3B9F-99C9-248913B5F9CE}
		{7BA10F40-3ACF-3A7D-B613-8DA1FA2FAFB5} = {7BA10F40-3ACF-3A7D-B613-8DA1FA2FAFB5}
		{55F3E925-6565-378F-8026-91E35AEFB44C} = {55F3E925-6565-378F-8026-91E35AEFB44C}
		{E7DA747B-C5E4-38E4-9CD3-EB724FF52CB7} = {E7DA747B-C5E4-38E4-9CD3-EB724FF52CB7}
		{7192D76D-3BDE-382B-B896-5A49AA291F60} = {7192D76D-3BDE-382B-B896-5A49AA291F60}
		{087E72A0-3835-310F-8BAB-75E34D9F1398} = {087E72A0-3835-310F-8BAB-75E34D9F1398}
		{BD8AD387-8CFB-3F51-B3BA-A97D8D94BC6A} = {BD8AD387-8CFB-3F51-B3BA-A97D8D94BC6A}
		{8A090CD7-DA6E-3DB2-934B-2A720A3EADC5} = {8A090CD7-DA6E-3DB2-934B-2A720A3EADC5}
		{043B836B-C13B-3425-A4D6-3BD1FD7BD5D5} = {043B836B-C13B-3425-A4D6-3BD1FD7BD5D5}
		{8D6EB0D1-E6A8-353A-A1B2-1B355A87C111} = {8D6EB0D1-E6A8-353A-A1B2-1B355A87C111}
	EndProjectSection
EndProject
Project("{8BC9CEB8-8B4A-11D0-8D11-00A0C91BC942}") = "App", "Apps\App.vcxproj", "{2C87150F-5357-317D-9C0E-8931B9C486BE}"
	ProjectSection(ProjectDependencies) = postProject
		{2EEA3033-06D9-3842-8716-3CDE08B7650B} = {2EEA3033-06D9-3842-8716-3CDE08B7650B}
		{BA1BA93B-DDBA-333D-B2C4-78B85EE63556} = {BA1BA93B-DDBA-333D-B2C4-78B85EE63556}
		{3F26E093-2ADC-31CA-988D-FA027FF9C6CE} = {3F26E093-2ADC-31CA-988D-FA027FF9C6CE}
		{64E0A848-3FB3-38E1-841B-F0CD7EE3DD84} = {64E0A848-3FB3-38E1-841B-F0CD7EE3DD84}
		{F86EA9CF-B452-3BAC-862A-FE94D86B0972} = {F86EA9CF-B452-3BAC-862A-FE94D86B0972}
		{3C2B4AA5-9960-3EE6-B151-F4DD16E1BDC7} = {3C2B4AA5-9960-3EE6-B151-F4DD16E1BDC7}
		{566EE103-5CAD-3B51-A483-C95219E12B23} = {566EE103-5CAD-3B51-A483-C95219E12B23}
		{0E586FBA-1B0D-3B9F-99C9-248913B5F9CE} = {0E586FBA-1B0D-3B9F-99C9-248913B5F9CE}
		{E7DA747B-C5E4-38E4-9CD3-EB724FF52CB7} = {E7DA747B-C5E4-38E4-9CD3-EB724FF52CB7}
		{7192D76D-3BDE-382B-B896-5A49AA291F60} = {7192D76D-3BDE-382B-B896-5A49AA291F60}
		{087E72A0-3835-310F-8BAB-75E34D9F1398} = {087E72A0-3835-310F-8BAB-75E34D9F1398}
		{BD8AD387-8CFB-3F51-B3BA-A97D8D94BC6A} = {BD8AD387-8CFB-3F51-B3BA-A97D8D94BC6A}
	EndProjectSection
EndProject
Project("{8BC9CEB8-8B4A-11D0-8D11-00A0C91BC942}") = "Base", "Base\Base.vcxproj", "{2EEA3033-06D9-3842-8716-3CDE08B7650B}"
	ProjectSection(ProjectDependencies) = postProject
		{7192D76D-3BDE-382B-B896-5A49AA291F60} = {7192D76D-3BDE-382B-B896-5A49AA291F60}
	EndProjectSection
EndProject
Project("{8BC9CEB8-8B4A-11D0-8D11-00A0C91BC942}") = "Continuous", "Libs\glslang\build\Continuous.vcxproj", "{52C39400-52EC-337E-9093-53905ADB192E}"
	ProjectSection(ProjectDependencies) = postProject
		{7192D76D-3BDE-382B-B896-5A49AA291F60} = {7192D76D-3BDE-382B-B896-5A49AA291F60}
	EndProjectSection
EndProject
Project("{8BC9CEB8-8B4A-11D0-8D11-00A0C91BC942}") = "DataHandling", "DataHandling\DataHandling.vcxproj", "{BA1BA93B-DDBA-333D-B2C4-78B85EE63556}"
	ProjectSection(ProjectDependencies) = postProject
		{2EEA3033-06D9-3842-8716-3CDE08B7650B} = {2EEA3033-06D9-3842-8716-3CDE08B7650B}
		{7192D76D-3BDE-382B-B896-5A49AA291F60} = {7192D76D-3BDE-382B-B896-5A49AA291F60}
	EndProjectSection
EndProject
Project("{8BC9CEB8-8B4A-11D0-8D11-00A0C91BC942}") = "DebugUI", "DebugUI\DebugUI.vcxproj", "{3F26E093-2ADC-31CA-988D-FA027FF9C6CE}"
	ProjectSection(ProjectDependencies) = postProject
		{64E0A848-3FB3-38E1-841B-F0CD7EE3DD84} = {64E0A848-3FB3-38E1-841B-F0CD7EE3DD84}
		{F86EA9CF-B452-3BAC-862A-FE94D86B0972} = {F86EA9CF-B452-3BAC-862A-FE94D86B0972}
		{3C2B4AA5-9960-3EE6-B151-F4DD16E1BDC7} = {3C2B4AA5-9960-3EE6-B151-F4DD16E1BDC7}
		{566EE103-5CAD-3B51-A483-C95219E12B23} = {566EE103-5CAD-3B51-A483-C95219E12B23}
		{0E586FBA-1B0D-3B9F-99C9-248913B5F9CE} = {0E586FBA-1B0D-3B9F-99C9-248913B5F9CE}
		{7192D76D-3BDE-382B-B896-5A49AA291F60} = {7192D76D-3BDE-382B-B896-5A49AA291F60}
		{BD8AD387-8CFB-3F51-B3BA-A97D8D94BC6A} = {BD8AD387-8CFB-3F51-B3BA-A97D8D94BC6A}
	EndProjectSection
EndProject
Project("{8BC9CEB8-8B4A-11D0-8D11-00A0C91BC942}") = "Experimental", "Libs\glslang\build\Experimental.vcxproj", "{4C7815C3-7DE7-3D8A-84DA-C7BC1F5201C9}"
	ProjectSection(ProjectDependencies) = postProject
		{7192D76D-3BDE-382B-B896-5A49AA291F60} = {7192D76D-3BDE-382B-B896-5A49AA291F60}
	EndProjectSection
EndProject
Project("{8BC9CEB8-8B4A-11D0-8D11-00A0C91BC942}") = "GenericCodeGen", "Libs\glslang\build\glslang\GenericCodeGen.vcxproj", "{64E0A848-3FB3-38E1-841B-F0CD7EE3DD84}"
	ProjectSection(ProjectDependencies) = postProject
		{7192D76D-3BDE-382B-B896-5A49AA291F60} = {7192D76D-3BDE-382B-B896-5A49AA291F60}
	EndProjectSection
EndProject
Project("{8BC9CEB8-8B4A-11D0-8D11-00A0C91BC942}") = "HLSL", "Libs\glslang\build\hlsl\HLSL.vcxproj", "{515EA535-4881-3D5E-A86C-7D850FC0B65C}"
	ProjectSection(ProjectDependencies) = postProject
		{7192D76D-3BDE-382B-B896-5A49AA291F60} = {7192D76D-3BDE-382B-B896-5A49AA291F60}
	EndProjectSection
EndProject
Project("{8BC9CEB8-8B4A-11D0-8D11-00A0C91BC942}") = "INSTALL", "INSTALL.vcxproj", "{FDE779F4-A2A7-3615-8FA3-FD6399428A3B}"
	ProjectSection(ProjectDependencies) = postProject
		{B5BD2D98-4E92-3F17-A8BE-56094B2A50FA} = {B5BD2D98-4E92-3F17-A8BE-56094B2A50FA}
		{7192D76D-3BDE-382B-B896-5A49AA291F60} = {7192D76D-3BDE-382B-B896-5A49AA291F60}
	EndProjectSection
EndProject
Project("{8BC9CEB8-8B4A-11D0-8D11-00A0C91BC942}") = "MachineIndependent", "Libs\glslang\build\glslang\MachineIndependent.vcxproj", "{F86EA9CF-B452-3BAC-862A-FE94D86B0972}"
	ProjectSection(ProjectDependencies) = postProject
		{64E0A848-3FB3-38E1-841B-F0CD7EE3DD84} = {64E0A848-3FB3-38E1-841B-F0CD7EE3DD84}
		{3C2B4AA5-9960-3EE6-B151-F4DD16E1BDC7} = {3C2B4AA5-9960-3EE6-B151-F4DD16E1BDC7}
		{566EE103-5CAD-3B51-A483-C95219E12B23} = {566EE103-5CAD-3B51-A483-C95219E12B23}
		{7192D76D-3BDE-382B-B896-5A49AA291F60} = {7192D76D-3BDE-382B-B896-5A49AA291F60}
		{A0B7214D-8997-3149-8A51-4C48F1EB7153} = {A0B7214D-8997-3149-8A51-4C48F1EB7153}
	EndProjectSection
EndProject
Project("{8BC9CEB8-8B4A-11D0-8D11-00A0C91BC942}") = "MeshDebugRendering", "Apps\MeshDebugRendering.vcxproj", "{13905689-8E25-37D1-9016-6A39B5273327}"
	ProjectSection(ProjectDependencies) = postProject
		{2EEA3033-06D9-3842-8716-3CDE08B7650B} = {2EEA3033-06D9-3842-8716-3CDE08B7650B}
		{BA1BA93B-DDBA-333D-B2C4-78B85EE63556} = {BA1BA93B-DDBA-333D-B2C4-78B85EE63556}
		{3F26E093-2ADC-31CA-988D-FA027FF9C6CE} = {3F26E093-2ADC-31CA-988D-FA027FF9C6CE}
		{64E0A848-3FB3-38E1-841B-F0CD7EE3DD84} = {64E0A848-3FB3-38E1-841B-F0CD7EE3DD84}
		{F86EA9CF-B452-3BAC-862A-FE94D86B0972} = {F86EA9CF-B452-3BAC-862A-FE94D86B0972}
		{3C2B4AA5-9960-3EE6-B151-F4DD16E1BDC7} = {3C2B4AA5-9960-3EE6-B151-F4DD16E1BDC7}
		{566EE103-5CAD-3B51-A483-C95219E12B23} = {566EE103-5CAD-3B51-A483-C95219E12B23}
		{0E586FBA-1B0D-3B9F-99C9-248913B5F9CE} = {0E586FBA-1B0D-3B9F-99C9-248913B5F9CE}
		{E7DA747B-C5E4-38E4-9CD3-EB724FF52CB7} = {E7DA747B-C5E4-38E4-9CD3-EB724FF52CB7}
		{7192D76D-3BDE-382B-B896-5A49AA291F60} = {7192D76D-3BDE-382B-B896-5A49AA291F60}
		{087E72A0-3835-310F-8BAB-75E34D9F1398} = {087E72A0-3835-310F-8BAB-75E34D9F1398}
		{BD8AD387-8CFB-3F51-B3BA-A97D8D94BC6A} = {BD8AD387-8CFB-3F51-B3BA-A97D8D94BC6A}
	EndProjectSection
EndProject
Project("{8BC9CEB8-8B4A-11D0-8D11-00A0C91BC942}") = "Nightly", "Libs\glslang\build\Nightly.vcxproj", "{F7B48847-F078-3B3B-B93C-10122B2F092D}"
	ProjectSection(ProjectDependencies) = postProject
		{7192D76D-3BDE-382B-B896-5A49AA291F60} = {7192D76D-3BDE-382B-B896-5A49AA291F60}
	EndProjectSection
EndProject
Project("{8BC9CEB8-8B4A-11D0-8D11-00A0C91BC942}") = "NightlyMemoryCheck", "Libs\glslang\build\NightlyMemoryCheck.vcxproj", "{283565B1-F6E8-3803-A46C-BD9440A95DEC}"
	ProjectSection(ProjectDependencies) = postProject
		{7192D76D-3BDE-382B-B896-5A49AA291F60} = {7192D76D-3BDE-382B-B896-5A49AA291F60}
	EndProjectSection
EndProject
Project("{8BC9CEB8-8B4A-11D0-8D11-00A0C91BC942}") = "OGLCompiler", "Libs\glslang\build\OGLCompilersDLL\OGLCompiler.vcxproj", "{3C2B4AA5-9960-3EE6-B151-F4DD16E1BDC7}"
	ProjectSection(ProjectDependencies) = postProject
		{7192D76D-3BDE-382B-B896-5A49AA291F60} = {7192D76D-3BDE-382B-B896-5A49AA291F60}
	EndProjectSection
EndProject
Project("{8BC9CEB8-8B4A-11D0-8D11-00A0C91BC942}") = "OSDependent", "Libs\glslang\build\glslang\OSDependent\Windows\OSDependent.vcxproj", "{566EE103-5CAD-3B51-A483-C95219E12B23}"
	ProjectSection(ProjectDependencies) = postProject
		{7192D76D-3BDE-382B-B896-5A49AA291F60} = {7192D76D-3BDE-382B-B896-5A49AA291F60}
	EndProjectSection
EndProject
Project("{8BC9CEB8-8B4A-11D0-8D11-00A0C91BC942}") = "SPIRV", "Libs\glslang\build\SPIRV\SPIRV.vcxproj", "{0E586FBA-1B0D-3B9F-99C9-248913B5F9CE}"
	ProjectSection(ProjectDependencies) = postProject
		{64E0A848-3FB3-38E1-841B-F0CD7EE3DD84} = {64E0A848-3FB3-38E1-841B-F0CD7EE3DD84}
		{F86EA9CF-B452-3BAC-862A-FE94D86B0972} = {F86EA9CF-B452-3BAC-862A-FE94D86B0972}
		{3C2B4AA5-9960-3EE6-B151-F4DD16E1BDC7} = {3C2B4AA5-9960-3EE6-B151-F4DD16E1BDC7}
		{566EE103-5CAD-3B51-A483-C95219E12B23} = {566EE103-5CAD-3B51-A483-C95219E12B23}
		{7192D76D-3BDE-382B-B896-5A49AA291F60} = {7192D76D-3BDE-382B-B896-5A49AA291F60}
		{A0B7214D-8997-3149-8A51-4C48F1EB7153} = {A0B7214D-8997-3149-8A51-4C48F1EB7153}
	EndProjectSection
EndProject
Project("{8BC9CEB8-8B4A-11D0-8D11-00A0C91BC942}") = "SPVRemapper", "Libs\glslang\build\SPIRV\SPVRemapper.vcxproj", "{7BA10F40-3ACF-3A7D-B613-8DA1FA2FAFB5}"
	ProjectSection(ProjectDependencies) = postProject
		{7192D76D-3BDE-382B-B896-5A49AA291F60} = {7192D76D-3BDE-382B-B896-5A49AA291F60}
	EndProjectSection
EndProject
Project("{8BC9CEB8-8B4A-11D0-8D11-00A0C91BC942}") = "VoxelRendering", "Apps\VoxelRendering.vcxproj", "{55F3E925-6565-378F-8026-91E35AEFB44C}"
	ProjectSection(ProjectDependencies) = postProject
		{2EEA3033-06D9-3842-8716-3CDE08B7650B} = {2EEA3033-06D9-3842-8716-3CDE08B7650B}
		{BA1BA93B-DDBA-333D-B2C4-78B85EE63556} = {BA1BA93B-DDBA-333D-B2C4-78B85EE63556}
		{3F26E093-2ADC-31CA-988D-FA027FF9C6CE} = {3F26E093-2ADC-31CA-988D-FA027FF9C6CE}
		{64E0A848-3FB3-38E1-841B-F0CD7EE3DD84} = {64E0A848-3FB3-38E1-841B-F0CD7EE3DD84}
		{F86EA9CF-B452-3BAC-862A-FE94D86B0972} = {F86EA9CF-B452-3BAC-862A-FE94D86B0972}
		{3C2B4AA5-9960-3EE6-B151-F4DD16E1BDC7} = {3C2B4AA5-9960-3EE6-B151-F4DD16E1BDC7}
		{566EE103-5CAD-3B51-A483-C95219E12B23} = {566EE103-5CAD-3B51-A483-C95219E12B23}
		{0E586FBA-1B0D-3B9F-99C9-248913B5F9CE} = {0E586FBA-1B0D-3B9F-99C9-248913B5F9CE}
		{E7DA747B-C5E4-38E4-9CD3-EB724FF52CB7} = {E7DA747B-C5E4-38E4-9CD3-EB724FF52CB7}
		{7192D76D-3BDE-382B-B896-5A49AA291F60} = {7192D76D-3BDE-382B-B896-5A49AA291F60}
		{087E72A0-3835-310F-8BAB-75E34D9F1398} = {087E72A0-3835-310F-8BAB-75E34D9F1398}
		{BD8AD387-8CFB-3F51-B3BA-A97D8D94BC6A} = {BD8AD387-8CFB-3F51-B3BA-A97D8D94BC6A}
	EndProjectSection
EndProject
Project("{8BC9CEB8-8B4A-11D0-8D11-00A0C91BC942}") = "VulkanWrapper", "VulkanWrapper\VulkanWrapper.vcxproj", "{E7DA747B-C5E4-38E4-9CD3-EB724FF52CB7}"
	ProjectSection(ProjectDependencies) = postProject
		{7192D76D-3BDE-382B-B896-5A49AA291F60} = {7192D76D-3BDE-382B-B896-5A49AA291F60}
		{087E72A0-3835-310F-8BAB-75E34D9F1398} = {087E72A0-3835-310F-8BAB-75E34D9F1398}
	EndProjectSection
EndProject
Project("{8BC9CEB8-8B4A-11D0-8D11-00A0C91BC942}") = "ZERO_CHECK", "ZERO_CHECK.vcxproj", "{7192D76D-3BDE-382B-B896-5A49AA291F60}"
	ProjectSection(ProjectDependencies) = postProject
	EndProjectSection
EndProject
Project("{8BC9CEB8-8B4A-11D0-8D11-00A0C91BC942}") = "glfw", "Libs\glfw\src\glfw.vcxproj", "{087E72A0-3835-310F-8BAB-75E34D9F1398}"
	ProjectSection(ProjectDependencies) = postProject
		{7192D76D-3BDE-382B-B896-5A49AA291F60} = {7192D76D-3BDE-382B-B896-5A49AA291F60}
	EndProjectSection
EndProject
Project("{8BC9CEB8-8B4A-11D0-8D11-00A0C91BC942}") = "glslang", "Libs\glslang\build\glslang\glslang.vcxproj", "{BD8AD387-8CFB-3F51-B3BA-A97D8D94BC6A}"
	ProjectSection(ProjectDependencies) = postProject
		{64E0A848-3FB3-38E1-841B-F0CD7EE3DD84} = {64E0A848-3FB3-38E1-841B-F0CD7EE3DD84}
		{F86EA9CF-B452-3BAC-862A-FE94D86B0972} = {F86EA9CF-B452-3BAC-862A-FE94D86B0972}
		{3C2B4AA5-9960-3EE6-B151-F4DD16E1BDC7} = {3C2B4AA5-9960-3EE6-B151-F4DD16E1BDC7}
		{566EE103-5CAD-3B51-A483-C95219E12B23} = {566EE103-5CAD-3B51-A483-C95219E12B23}
		{7192D76D-3BDE-382B-B896-5A49AA291F60} = {7192D76D-3BDE-382B-B896-5A49AA291F60}
		{A0B7214D-8997-3149-8A51-4C48F1EB7153} = {A0B7214D-8997-3149-8A51-4C48F1EB7153}
	EndProjectSection
EndProject
Project("{8BC9CEB8-8B4A-11D0-8D11-00A0C91BC942}") = "glslang-build-info", "Libs\glslang\build\glslang-build-info.vcxproj", "{A0B7214D-8997-3149-8A51-4C48F1EB7153}"
	ProjectSection(ProjectDependencies) = postProject
		{7192D76D-3BDE-382B-B896-5A49AA291F60} = {7192D76D-3BDE-382B-B896-5A49AA291F60}
	EndProjectSection
EndProject
Project("{8BC9CEB8-8B4A-11D0-8D11-00A0C91BC942}") = "glslang-default-resource-limits", "Libs\glslang\build\StandAlone\glslang-default-resource-limits.vcxproj", "{8A090CD7-DA6E-3DB2-934B-2A720A3EADC5}"
	ProjectSection(ProjectDependencies) = postProject
		{7192D76D-3BDE-382B-B896-5A49AA291F60} = {7192D76D-3BDE-382B-B896-5A49AA291F60}
	EndProjectSection
EndProject
Project("{8BC9CEB8-8B4A-11D0-8D11-00A0C91BC942}") = "glslangValidator", "Libs\glslang\build\StandAlone\glslangValidator.vcxproj", "{043B836B-C13B-3425-A4D6-3BD1FD7BD5D5}"
	ProjectSection(ProjectDependencies) = postProject
		{64E0A848-3FB3-38E1-841B-F0CD7EE3DD84} = {64E0A848-3FB3-38E1-841B-F0CD7EE3DD84}
		{F86EA9CF-B452-3BAC-862A-FE94D86B0972} = {F86EA9CF-B452-3BAC-862A-FE94D86B0972}
		{3C2B4AA5-9960-3EE6-B151-F4DD16E1BDC7} = {3C2B4AA5-9960-3EE6-B151-F4DD16E1BDC7}
		{566EE103-5CAD-3B51-A483-C95219E12B23} = {566EE103-5CAD-3B51-A483-C95219E12B23}
		{0E586FBA-1B0D-3B9F-99C9-248913B5F9CE} = {0E586FBA-1B0D-3B9F-99C9-248913B5F9CE}
		{7BA10F40-3ACF-3A7D-B613-8DA1FA2FAFB5} = {7BA10F40-3ACF-3A7D-B613-8DA1FA2FAFB5}
		{7192D76D-3BDE-382B-B896-5A49AA291F60} = {7192D76D-3BDE-382B-B896-5A49AA291F60}
		{BD8AD387-8CFB-3F51-B3BA-A97D8D94BC6A} = {BD8AD387-8CFB-3F51-B3BA-A97D8D94BC6A}
		{8A090CD7-DA6E-3DB2-934B-2A720A3EADC5} = {8A090CD7-DA6E-3DB2-934B-2A720A3EADC5}
	EndProjectSection
EndProject
Project("{8BC9CEB8-8B4A-11D0-8D11-00A0C91BC942}") = "spirv-remap", "Libs\glslang\build\StandAlone\spirv-remap.vcxproj", "{8D6EB0D1-E6A8-353A-A1B2-1B355A87C111}"
	ProjectSection(ProjectDependencies) = postProject
		{64E0A848-3FB3-38E1-841B-F0CD7EE3DD84} = {64E0A848-3FB3-38E1-841B-F0CD7EE3DD84}
		{F86EA9CF-B452-3BAC-862A-FE94D86B0972} = {F86EA9CF-B452-3BAC-862A-FE94D86B0972}
		{3C2B4AA5-9960-3EE6-B151-F4DD16E1BDC7} = {3C2B4AA5-9960-3EE6-B151-F4DD16E1BDC7}
		{566EE103-5CAD-3B51-A483-C95219E12B23} = {566EE103-5CAD-3B51-A483-C95219E12B23}
		{0E586FBA-1B0D-3B9F-99C9-248913B5F9CE} = {0E586FBA-1B0D-3B9F-99C9-248913B5F9CE}
		{7BA10F40-3ACF-3A7D-B613-8DA1FA2FAFB5} = {7BA10F40-3ACF-3A7D-B613-8DA1FA2FAFB5}
		{7192D76D-3BDE-382B-B896-5A49AA291F60} = {7192D76D-3BDE-382B-B896-5A49AA291F60}
		{BD8AD387-8CFB-3F51-B3BA-A97D8D94BC6A} = {BD8AD387-8CFB-3F51-B3BA-A97D8D94BC6A}
		{8A090CD7-DA6E-3DB2-934B-2A720A3EADC5} = {8A090CD7-DA6E-3DB2-934B-2A720A3EADC5}
	EndProjectSection
EndProject
Project("{8BC9CEB8-8B4A-11D0-8D11-00A0C91BC942}") = "uninstall", "Libs\glfw\uninstall.vcxproj", "{58D9F6D4-4294-350E-AA18-691179820873}"
	ProjectSection(ProjectDependencies) = postProject
		{7192D76D-3BDE-382B-B896-5A49AA291F60} = {7192D76D-3BDE-382B-B896-5A49AA291F60}
	EndProjectSection
EndProject
Global
	GlobalSection(SolutionConfigurationPlatforms) = preSolution
		Debug|x64 = Debug|x64
		Release|x64 = Release|x64
		MinSizeRel|x64 = MinSizeRel|x64
		RelWithDebInfo|x64 = RelWithDebInfo|x64
	EndGlobalSection
	GlobalSection(ProjectConfigurationPlatforms) = postSolution
		{B5BD2D98-4E92-3F17-A8BE-56094B2A50FA}.Debug|x64.ActiveCfg = Debug|x64
		{B5BD2D98-4E92-3F17-A8BE-56094B2A50FA}.Debug|x64.Build.0 = Debug|x64
		{B5BD2D98-4E92-3F17-A8BE-56094B2A50FA}.Release|x64.ActiveCfg = Release|x64
		{B5BD2D98-4E92-3F17-A8BE-56094B2A50FA}.Release|x64.Build.0 = Release|x64
		{B5BD2D98-4E92-3F17-A8BE-56094B2A50FA}.MinSizeRel|x64.ActiveCfg = MinSizeRel|x64
		{B5BD2D98-4E92-3F17-A8BE-56094B2A50FA}.MinSizeRel|x64.Build.0 = MinSizeRel|x64
		{B5BD2D98-4E92-3F17-A8BE-56094B2A50FA}.RelWithDebInfo|x64.ActiveCfg = RelWithDebInfo|x64
		{B5BD2D98-4E92-3F17-A8BE-56094B2A50FA}.RelWithDebInfo|x64.Build.0 = RelWithDebInfo|x64
		{2C87150F-5357-317D-9C0E-8931B9C486BE}.Debug|x64.ActiveCfg = Debug|x64
		{2C87150F-5357-317D-9C0E-8931B9C486BE}.Debug|x64.Build.0 = Debug|x64
		{2C87150F-5357-317D-9C0E-8931B9C486BE}.Release|x64.ActiveCfg = Release|x64
		{2C87150F-5357-317D-9C0E-8931B9C486BE}.Release|x64.Build.0 = Release|x64
		{2C87150F-5357-317D-9C0E-8931B9C486BE}.MinSizeRel|x64.ActiveCfg = MinSizeRel|x64
		{2C87150F-5357-317D-9C0E-8931B9C486BE}.MinSizeRel|x64.Build.0 = MinSizeRel|x64
		{2C87150F-5357-317D-9C0E-8931B9C486BE}.RelWithDebInfo|x64.ActiveCfg = RelWithDebInfo|x64
		{2C87150F-5357-317D-9C0E-8931B9C486BE}.RelWithDebInfo|x64.Build.0 = RelWithDebInfo|x64
		{2EEA3033-06D9-3842-8716-3CDE08B7650B}.Debug|x64.ActiveCfg = Debug|x64
		{2EEA3033-06D9-3842-8716-3CDE08B7650B}.Debug|x64.Build.0 = Debug|x64
		{2EEA3033-06D9-3842-8716-3CDE08B7650B}.Release|x64.ActiveCfg = Release|x64
		{2EEA3033-06D9-3842-8716-3CDE08B7650B}.Release|x64.Build.0 = Release|x64
		{2EEA3033-06D9-3842-8716-3CDE08B7650B}.MinSizeRel|x64.ActiveCfg = MinSizeRel|x64
		{2EEA3033-06D9-3842-8716-3CDE08B7650B}.MinSizeRel|x64.Build.0 = MinSizeRel|x64
		{2EEA3033-06D9-3842-8716-3CDE08B7650B}.RelWithDebInfo|x64.ActiveCfg = RelWithDebInfo|x64
		{2EEA3033-06D9-3842-8716-3CDE08B7650B}.RelWithDebInfo|x64.Build.0 = RelWithDebInfo|x64
		{52C39400-52EC-337E-9093-53905ADB192E}.Debug|x64.ActiveCfg = Debug|x64
		{52C39400-52EC-337E-9093-53905ADB192E}.Release|x64.ActiveCfg = Release|x64
		{52C39400-52EC-337E-9093-53905ADB192E}.MinSizeRel|x64.ActiveCfg = MinSizeRel|x64
		{52C39400-52EC-337E-9093-53905ADB192E}.RelWithDebInfo|x64.ActiveCfg = RelWithDebInfo|x64
		{BA1BA93B-DDBA-333D-B2C4-78B85EE63556}.Debug|x64.ActiveCfg = Debug|x64
		{BA1BA93B-DDBA-333D-B2C4-78B85EE63556}.Debug|x64.Build.0 = Debug|x64
		{BA1BA93B-DDBA-333D-B2C4-78B85EE63556}.Release|x64.ActiveCfg = Release|x64
		{BA1BA93B-DDBA-333D-B2C4-78B85EE63556}.Release|x64.Build.0 = Release|x64
		{BA1BA93B-DDBA-333D-B2C4-78B85EE63556}.MinSizeRel|x64.ActiveCfg = MinSizeRel|x64
		{BA1BA93B-DDBA-333D-B2C4-78B85EE63556}.MinSizeRel|x64.Build.0 = MinSizeRel|x64
		{BA1BA93B-DDBA-333D-B2C4-78B85EE63556}.RelWithDebInfo|x64.ActiveCfg = RelWithDebInfo|x64
		{BA1BA93B-DDBA-333D-B2C4-78B85EE63556}.RelWithDebInfo|x64.Build.0 = RelWithDebInfo|x64
		{3F26E093-2ADC-31CA-988D-FA027FF9C6CE}.Debug|x64.ActiveCfg = Debug|x64
		{3F26E093-2ADC-31CA-988D-FA027FF9C6CE}.Debug|x64.Build.0 = Debug|x64
		{3F26E093-2ADC-31CA-988D-FA027FF9C6CE}.Release|x64.ActiveCfg = Release|x64
		{3F26E093-2ADC-31CA-988D-FA027FF9C6CE}.Release|x64.Build.0 = Release|x64
		{3F26E093-2ADC-31CA-988D-FA027FF9C6CE}.MinSizeRel|x64.ActiveCfg = MinSizeRel|x64
		{3F26E093-2ADC-31CA-988D-FA027FF9C6CE}.MinSizeRel|x64.Build.0 = MinSizeRel|x64
		{3F26E093-2ADC-31CA-988D-FA027FF9C6CE}.RelWithDebInfo|x64.ActiveCfg = RelWithDebInfo|x64
		{3F26E093-2ADC-31CA-988D-FA027FF9C6CE}.RelWithDebInfo|x64.Build.0 = RelWithDebInfo|x64
		{4C7815C3-7DE7-3D8A-84DA-C7BC1F5201C9}.Debug|x64.ActiveCfg = Debug|x64
		{4C7815C3-7DE7-3D8A-84DA-C7BC1F5201C9}.Release|x64.ActiveCfg = Release|x64
		{4C7815C3-7DE7-3D8A-84DA-C7BC1F5201C9}.MinSizeRel|x64.ActiveCfg = MinSizeRel|x64
		{4C7815C3-7DE7-3D8A-84DA-C7BC1F5201C9}.RelWithDebInfo|x64.ActiveCfg = RelWithDebInfo|x64
		{64E0A848-3FB3-38E1-841B-F0CD7EE3DD84}.Debug|x64.ActiveCfg = Debug|x64
		{64E0A848-3FB3-38E1-841B-F0CD7EE3DD84}.Debug|x64.Build.0 = Debug|x64
		{64E0A848-3FB3-38E1-841B-F0CD7EE3DD84}.Release|x64.ActiveCfg = Release|x64
		{64E0A848-3FB3-38E1-841B-F0CD7EE3DD84}.Release|x64.Build.0 = Release|x64
		{64E0A848-3FB3-38E1-841B-F0CD7EE3DD84}.MinSizeRel|x64.ActiveCfg = MinSizeRel|x64
		{64E0A848-3FB3-38E1-841B-F0CD7EE3DD84}.MinSizeRel|x64.Build.0 = MinSizeRel|x64
		{64E0A848-3FB3-38E1-841B-F0CD7EE3DD84}.RelWithDebInfo|x64.ActiveCfg = RelWithDebInfo|x64
		{64E0A848-3FB3-38E1-841B-F0CD7EE3DD84}.RelWithDebInfo|x64.Build.0 = RelWithDebInfo|x64
		{515EA535-4881-3D5E-A86C-7D850FC0B65C}.Debug|x64.ActiveCfg = Debug|x64
		{515EA535-4881-3D5E-A86C-7D850FC0B65C}.Debug|x64.Build.0 = Debug|x64
		{515EA535-4881-3D5E-A86C-7D850FC0B65C}.Release|x64.ActiveCfg = Release|x64
		{515EA535-4881-3D5E-A86C-7D850FC0B65C}.Release|x64.Build.0 = Release|x64
		{515EA535-4881-3D5E-A86C-7D850FC0B65C}.MinSizeRel|x64.ActiveCfg = MinSizeRel|x64
		{515EA535-4881-3D5E-A86C-7D850FC0B65C}.MinSizeRel|x64.Build.0 = MinSizeRel|x64
		{515EA535-4881-3D5E-A86C-7D850FC0B65C}.RelWithDebInfo|x64.ActiveCfg = RelWithDebInfo|x64
		{515EA535-4881-3D5E-A86C-7D850FC0B65C}.RelWithDebInfo|x64.Build.0 = RelWithDebInfo|x64
		{FDE779F4-A2A7-3615-8FA3-FD6399428A3B}.Debug|x64.ActiveCfg = Debug|x64
		{FDE779F4-A2A7-3615-8FA3-FD6399428A3B}.Release|x64.ActiveCfg = Release|x64
		{FDE779F4-A2A7-3615-8FA3-FD6399428A3B}.MinSizeRel|x64.ActiveCfg = MinSizeRel|x64
		{FDE779F4-A2A7-3615-8FA3-FD6399428A3B}.RelWithDebInfo|x64.ActiveCfg = RelWithDebInfo|x64
		{F86EA9CF-B452-3BAC-862A-FE94D86B0972}.Debug|x64.ActiveCfg = Debug|x64
		{F86EA9CF-B452-3BAC-862A-FE94D86B0972}.Debug|x64.Build.0 = Debug|x64
		{F86EA9CF-B452-3BAC-862A-FE94D86B0972}.Release|x64.ActiveCfg = Release|x64
		{F86EA9CF-B452-3BAC-862A-FE94D86B0972}.Release|x64.Build.0 = Release|x64
		{F86EA9CF-B452-3BAC-862A-FE94D86B0972}.MinSizeRel|x64.ActiveCfg = MinSizeRel|x64
		{F86EA9CF-B452-3BAC-862A-FE94D86B0972}.MinSizeRel|x64.Build.0 = MinSizeRel|x64
		{F86EA9CF-B452-3BAC-862A-FE94D86B0972}.RelWithDebInfo|x64.ActiveCfg = RelWithDebInfo|x64
		{F86EA9CF-B452-3BAC-862A-FE94D86B0972}.RelWithDebInfo|x64.Build.0 = RelWithDebInfo|x64
		{13905689-8E25-37D1-9016-6A39B5273327}.Debug|x64.ActiveCfg = Debug|x64
		{13905689-8E25-37D1-9016-6A39B5273327}.Debug|x64.Build.0 = Debug|x64
		{13905689-8E25-37D1-9016-6A39B5273327}.Release|x64.ActiveCfg = Release|x64
		{13905689-8E25-37D1-9016-6A39B5273327}.Release|x64.Build.0 = Release|x64
		{13905689-8E25-37D1-9016-6A39B5273327}.MinSizeRel|x64.ActiveCfg = MinSizeRel|x64
		{13905689-8E25-37D1-9016-6A39B5273327}.MinSizeRel|x64.Build.0 = MinSizeRel|x64
		{13905689-8E25-37D1-9016-6A39B5273327}.RelWithDebInfo|x64.ActiveCfg = RelWithDebInfo|x64
		{13905689-8E25-37D1-9016-6A39B5273327}.RelWithDebInfo|x64.Build.0 = RelWithDebInfo|x64
		{F7B48847-F078-3B3B-B93C-10122B2F092D}.Debug|x64.ActiveCfg = Debug|x64
		{F7B48847-F078-3B3B-B93C-10122B2F092D}.Release|x64.ActiveCfg = Release|x64
		{F7B48847-F078-3B3B-B93C-10122B2F092D}.MinSizeRel|x64.ActiveCfg = MinSizeRel|x64
		{F7B48847-F078-3B3B-B93C-10122B2F092D}.RelWithDebInfo|x64.ActiveCfg = RelWithDebInfo|x64
		{283565B1-F6E8-3803-A46C-BD9440A95DEC}.Debug|x64.ActiveCfg = Debug|x64
		{283565B1-F6E8-3803-A46C-BD9440A95DEC}.Release|x64.ActiveCfg = Release|x64
		{283565B1-F6E8-3803-A46C-BD9440A95DEC}.MinSizeRel|x64.ActiveCfg = MinSizeRel|x64
		{283565B1-F6E8-3803-A46C-BD9440A95DEC}.RelWithDebInfo|x64.ActiveCfg = RelWithDebInfo|x64
		{3C2B4AA5-9960-3EE6-B151-F4DD16E1BDC7}.Debug|x64.ActiveCfg = Debug|x64
		{3C2B4AA5-9960-3EE6-B151-F4DD16E1BDC7}.Debug|x64.Build.0 = Debug|x64
		{3C2B4AA5-9960-3EE6-B151-F4DD16E1BDC7}.Release|x64.ActiveCfg = Release|x64
		{3C2B4AA5-9960-3EE6-B151-F4DD16E1BDC7}.Release|x64.Build.0 = Release|x64
		{3C2B4AA5-9960-3EE6-B151-F4DD16E1BDC7}.MinSizeRel|x64.ActiveCfg = MinSizeRel|x64
		{3C2B4AA5-9960-3EE6-B151-F4DD16E1BDC7}.MinSizeRel|x64.Build.0 = MinSizeRel|x64
		{3C2B4AA5-9960-3EE6-B151-F4DD16E1BDC7}.RelWithDebInfo|x64.ActiveCfg = RelWithDebInfo|x64
		{3C2B4AA5-9960-3EE6-B151-F4DD16E1BDC7}.RelWithDebInfo|x64.Build.0 = RelWithDebInfo|x64
		{566EE103-5CAD-3B51-A483-C95219E12B23}.Debug|x64.ActiveCfg = Debug|x64
		{566EE103-5CAD-3B51-A483-C95219E12B23}.Debug|x64.Build.0 = Debug|x64
		{566EE103-5CAD-3B51-A483-C95219E12B23}.Release|x64.ActiveCfg = Release|x64
		{566EE103-5CAD-3B51-A483-C95219E12B23}.Release|x64.Build.0 = Release|x64
		{566EE103-5CAD-3B51-A483-C95219E12B23}.MinSizeRel|x64.ActiveCfg = MinSizeRel|x64
		{566EE103-5CAD-3B51-A483-C95219E12B23}.MinSizeRel|x64.Build.0 = MinSizeRel|x64
		{566EE103-5CAD-3B51-A483-C95219E12B23}.RelWithDebInfo|x64.ActiveCfg = RelWithDebInfo|x64
		{566EE103-5CAD-3B51-A483-C95219E12B23}.RelWithDebInfo|x64.Build.0 = RelWithDebInfo|x64
		{0E586FBA-1B0D-3B9F-99C9-248913B5F9CE}.Debug|x64.ActiveCfg = Debug|x64
		{0E586FBA-1B0D-3B9F-99C9-248913B5F9CE}.Debug|x64.Build.0 = Debug|x64
		{0E586FBA-1B0D-3B9F-99C9-248913B5F9CE}.Release|x64.ActiveCfg = Release|x64
		{0E586FBA-1B0D-3B9F-99C9-248913B5F9CE}.Release|x64.Build.0 = Release|x64
		{0E586FBA-1B0D-3B9F-99C9-248913B5F9CE}.MinSizeRel|x64.ActiveCfg = MinSizeRel|x64
		{0E586FBA-1B0D-3B9F-99C9-248913B5F9CE}.MinSizeRel|x64.Build.0 = MinSizeRel|x64
		{0E586FBA-1B0D-3B9F-99C9-248913B5F9CE}.RelWithDebInfo|x64.ActiveCfg = RelWithDebInfo|x64
		{0E586FBA-1B0D-3B9F-99C9-248913B5F9CE}.RelWithDebInfo|x64.Build.0 = RelWithDebInfo|x64
		{7BA10F40-3ACF-3A7D-B613-8DA1FA2FAFB5}.Debug|x64.ActiveCfg = Debug|x64
		{7BA10F40-3ACF-3A7D-B613-8DA1FA2FAFB5}.Debug|x64.Build.0 = Debug|x64
		{7BA10F40-3ACF-3A7D-B613-8DA1FA2FAFB5}.Release|x64.ActiveCfg = Release|x64
		{7BA10F40-3ACF-3A7D-B613-8DA1FA2FAFB5}.Release|x64.Build.0 = Release|x64
		{7BA10F40-3ACF-3A7D-B613-8DA1FA2FAFB5}.MinSizeRel|x64.ActiveCfg = MinSizeRel|x64
		{7BA10F40-3ACF-3A7D-B613-8DA1FA2FAFB5}.MinSizeRel|x64.Build.0 = MinSizeRel|x64
		{7BA10F40-3ACF-3A7D-B613-8DA1FA2FAFB5}.RelWithDebInfo|x64.ActiveCfg = RelWithDebInfo|x64
		{7BA10F40-3ACF-3A7D-B613-8DA1FA2FAFB5}.RelWithDebInfo|x64.Build.0 = RelWithDebInfo|x64
		{55F3E925-6565-378F-8026-91E35AEFB44C}.Debug|x64.ActiveCfg = Debug|x64
		{55F3E925-6565-378F-8026-91E35AEFB44C}.Debug|x64.Build.0 = Debug|x64
		{55F3E925-6565-378F-8026-91E35AEFB44C}.Release|x64.ActiveCfg = Release|x64
		{55F3E925-6565-378F-8026-91E35AEFB44C}.Release|x64.Build.0 = Release|x64
		{55F3E925-6565-378F-8026-91E35AEFB44C}.MinSizeRel|x64.ActiveCfg = MinSizeRel|x64
		{55F3E925-6565-378F-8026-91E35AEFB44C}.MinSizeRel|x64.Build.0 = MinSizeRel|x64
		{55F3E925-6565-378F-8026-91E35AEFB44C}.RelWithDebInfo|x64.ActiveCfg = RelWithDebInfo|x64
		{55F3E925-6565-378F-8026-91E35AEFB44C}.RelWithDebInfo|x64.Build.0 = RelWithDebInfo|x64
		{E7DA747B-C5E4-38E4-9CD3-EB724FF52CB7}.Debug|x64.ActiveCfg = Debug|x64
		{E7DA747B-C5E4-38E4-9CD3-EB724FF52CB7}.Debug|x64.Build.0 = Debug|x64
		{E7DA747B-C5E4-38E4-9CD3-EB724FF52CB7}.Release|x64.ActiveCfg = Release|x64
		{E7DA747B-C5E4-38E4-9CD3-EB724FF52CB7}.Release|x64.Build.0 = Release|x64
		{E7DA747B-C5E4-38E4-9CD3-EB724FF52CB7}.MinSizeRel|x64.ActiveCfg = MinSizeRel|x64
		{E7DA747B-C5E4-38E4-9CD3-EB724FF52CB7}.MinSizeRel|x64.Build.0 = MinSizeRel|x64
		{E7DA747B-C5E4-38E4-9CD3-EB724FF52CB7}.RelWithDebInfo|x64.ActiveCfg = RelWithDebInfo|x64
		{E7DA747B-C5E4-38E4-9CD3-EB724FF52CB7}.RelWithDebInfo|x64.Build.0 = RelWithDebInfo|x64
		{7192D76D-3BDE-382B-B896-5A49AA291F60}.Debug|x64.ActiveCfg = Debug|x64
		{7192D76D-3BDE-382B-B896-5A49AA291F60}.Debug|x64.Build.0 = Debug|x64
		{7192D76D-3BDE-382B-B896-5A49AA291F60}.Release|x64.ActiveCfg = Release|x64
		{7192D76D-3BDE-382B-B896-5A49AA291F60}.Release|x64.Build.0 = Release|x64
		{7192D76D-3BDE-382B-B896-5A49AA291F60}.MinSizeRel|x64.ActiveCfg = MinSizeRel|x64
		{7192D76D-3BDE-382B-B896-5A49AA291F60}.MinSizeRel|x64.Build.0 = MinSizeRel|x64
		{7192D76D-3BDE-382B-B896-5A49AA291F60}.RelWithDebInfo|x64.ActiveCfg = RelWithDebInfo|x64
		{7192D76D-3BDE-382B-B896-5A49AA291F60}.RelWithDebInfo|x64.Build.0 = RelWithDebInfo|x64
		{087E72A0-3835-310F-8BAB-75E34D9F1398}.Debug|x64.ActiveCfg = Debug|x64
		{087E72A0-3835-310F-8BAB-75E34D9F1398}.Debug|x64.Build.0 = Debug|x64
		{087E72A0-3835-310F-8BAB-75E34D9F1398}.Release|x64.ActiveCfg = Release|x64
		{087E72A0-3835-310F-8BAB-75E34D9F1398}.Release|x64.Build.0 = Release|x64
		{087E72A0-3835-310F-8BAB-75E34D9F1398}.MinSizeRel|x64.ActiveCfg = MinSizeRel|x64
		{087E72A0-3835-310F-8BAB-75E34D9F1398}.MinSizeRel|x64.Build.0 = MinSizeRel|x64
		{087E72A0-3835-310F-8BAB-75E34D9F1398}.RelWithDebInfo|x64.ActiveCfg = RelWithDebInfo|x64
		{087E72A0-3835-310F-8BAB-75E34D9F1398}.RelWithDebInfo|x64.Build.0 = RelWithDebInfo|x64
		{BD8AD387-8CFB-3F51-B3BA-A97D8D94BC6A}.Debug|x64.ActiveCfg = Debug|x64
		{BD8AD387-8CFB-3F51-B3BA-A97D8D94BC6A}.Debug|x64.Build.0 = Debug|x64
		{BD8AD387-8CFB-3F51-B3BA-A97D8D94BC6A}.Release|x64.ActiveCfg = Release|x64
		{BD8AD387-8CFB-3F51-B3BA-A97D8D94BC6A}.Release|x64.Build.0 = Release|x64
		{BD8AD387-8CFB-3F51-B3BA-A97D8D94BC6A}.MinSizeRel|x64.ActiveCfg = MinSizeRel|x64
		{BD8AD387-8CFB-3F51-B3BA-A97D8D94BC6A}.MinSizeRel|x64.Build.0 = MinSizeRel|x64
		{BD8AD387-8CFB-3F51-B3BA-A97D8D94BC6A}.RelWithDebInfo|x64.ActiveCfg = RelWithDebInfo|x64
		{BD8AD387-8CFB-3F51-B3BA-A97D8D94BC6A}.RelWithDebInfo|x64.Build.0 = RelWithDebInfo|x64
		{A0B7214D-8997-3149-8A51-4C48F1EB7153}.Debug|x64.ActiveCfg = Debug|x64
		{A0B7214D-8997-3149-8A51-4C48F1EB7153}.Debug|x64.Build.0 = Debug|x64
		{A0B7214D-8997-3149-8A51-4C48F1EB7153}.Release|x64.ActiveCfg = Release|x64
		{A0B7214D-8997-3149-8A51-4C48F1EB7153}.Release|x64.Build.0 = Release|x64
		{A0B7214D-8997-3149-8A51-4C48F1EB7153}.MinSizeRel|x64.ActiveCfg = MinSizeRel|x64
		{A0B7214D-8997-3149-8A51-4C48F1EB7153}.MinSizeRel|x64.Build.0 = MinSizeRel|x64
		{A0B7214D-8997-3149-8A51-4C48F1EB7153}.RelWithDebInfo|x64.ActiveCfg = RelWithDebInfo|x64
		{A0B7214D-8997-3149-8A51-4C48F1EB7153}.RelWithDebInfo|x64.Build.0 = RelWithDebInfo|x64
		{8A090CD7-DA6E-3DB2-934B-2A720A3EADC5}.Debug|x64.ActiveCfg = Debug|x64
		{8A090CD7-DA6E-3DB2-934B-2A720A3EADC5}.Debug|x64.Build.0 = Debug|x64
		{8A090CD7-DA6E-3DB2-934B-2A720A3EADC5}.Release|x64.ActiveCfg = Release|x64
		{8A090CD7-DA6E-3DB2-934B-2A720A3EADC5}.Release|x64.Build.0 = Release|x64
		{8A090CD7-DA6E-3DB2-934B-2A720A3EADC5}.MinSizeRel|x64.ActiveCfg = MinSizeRel|x64
		{8A090CD7-DA6E-3DB2-934B-2A720A3EADC5}.MinSizeRel|x64.Build.0 = MinSizeRel|x64
		{8A090CD7-DA6E-3DB2-934B-2A720A3EADC5}.RelWithDebInfo|x64.ActiveCfg = RelWithDebInfo|x64
		{8A090CD7-DA6E-3DB2-934B-2A720A3EADC5}.RelWithDebInfo|x64.Build.0 = RelWithDebInfo|x64
		{043B836B-C13B-3425-A4D6-3BD1FD7BD5D5}.Debug|x64.ActiveCfg = Debug|x64
		{043B836B-C13B-3425-A4D6-3BD1FD7BD5D5}.Debug|x64.Build.0 = Debug|x64
		{043B836B-C13B-3425-A4D6-3BD1FD7BD5D5}.Release|x64.ActiveCfg = Release|x64
		{043B836B-C13B-3425-A4D6-3BD1FD7BD5D5}.Release|x64.Build.0 = Release|x64
		{043B836B-C13B-3425-A4D6-3BD1FD7BD5D5}.MinSizeRel|x64.ActiveCfg = MinSizeRel|x64
		{043B836B-C13B-3425-A4D6-3BD1FD7BD5D5}.MinSizeRel|x64.Build.0 = MinSizeRel|x64
		{043B836B-C13B-3425-A4D6-3BD1FD7BD5D5}.RelWithDebInfo|x64.ActiveCfg = RelWithDebInfo|x64
		{043B836B-C13B-3425-A4D6-3BD1FD7BD5D5}.RelWithDebInfo|x64.Build.0 = RelWithDebInfo|x64
		{8D6EB0D1-E6A8-353A-A1B2-1B355A87C111}.Debug|x64.ActiveCfg = Debug|x64
		{8D6EB0D1-E6A8-353A-A1B2-1B355A87C111}.Debug|x64.Build.0 = Debug|x64
		{8D6EB0D1-E6A8-353A-A1B2-1B355A87C111}.Release|x64.ActiveCfg = Release|x64
		{8D6EB0D1-E6A8-353A-A1B2-1B355A87C111}.Release|x64.Build.0 = Release|x64
		{8D6EB0D1-E6A8-353A-A1B2-1B355A87C111}.MinSizeRel|x64.ActiveCfg = MinSizeRel|x64
		{8D6EB0D1-E6A8-353A-A1B2-1B355A87C111}.MinSizeRel|x64.Build.0 = MinSizeRel|x64
		{8D6EB0D1-E6A8-353A-A1B2-1B355A87C111}.RelWithDebInfo|x64.ActiveCfg = RelWithDebInfo|x64
		{8D6EB0D1-E6A8-353A-A1B2-1B355A87C111}.RelWithDebInfo|x64.Build.0 = RelWithDebInfo|x64
		{58D9F6D4-4294-350E-AA18-691179820873}.Debug|x64.ActiveCfg = Debug|x64
		{58D9F6D4-4294-350E-AA18-691179820873}.Release|x64.ActiveCfg = Release|x64
		{58D9F6D4-4294-350E-AA18-691179820873}.MinSizeRel|x64.ActiveCfg = MinSizeRel|x64
		{58D9F6D4-4294-350E-AA18-691179820873}.RelWithDebInfo|x64.ActiveCfg = RelWithDebInfo|x64
	EndGlobalSection
	GlobalSection(NestedProjects) = preSolution
		{B5BD2D98-4E92-3F17-A8BE-56094B2A50FA} = {7F558DA4-59EE-3DFF-B2A7-BE5DBFAC5011}
		{FDE779F4-A2A7-3615-8FA3-FD6399428A3B} = {7F558DA4-59EE-3DFF-B2A7-BE5DBFAC5011}
		{7192D76D-3BDE-382B-B896-5A49AA291F60} = {7F558DA4-59EE-3DFF-B2A7-BE5DBFAC5011}
		{52C39400-52EC-337E-9093-53905ADB192E} = {9F289263-22D3-35B7-B8FF-035078CC7EFF}
		{4C7815C3-7DE7-3D8A-84DA-C7BC1F5201C9} = {9F289263-22D3-35B7-B8FF-035078CC7EFF}
		{F7B48847-F078-3B3B-B93C-10122B2F092D} = {9F289263-22D3-35B7-B8FF-035078CC7EFF}
		{283565B1-F6E8-3803-A46C-BD9440A95DEC} = {9F289263-22D3-35B7-B8FF-035078CC7EFF}
		{087E72A0-3835-310F-8BAB-75E34D9F1398} = {0DCB6145-7EC2-3144-B14B-CB82FCDA2609}
		{58D9F6D4-4294-350E-AA18-691179820873} = {0DCB6145-7EC2-3144-B14B-CB82FCDA2609}
		{64E0A848-3FB3-38E1-841B-F0CD7EE3DD84} = {E9A86AF9-73F7-3B47-BB4F-E1AD58BA3165}
		{F86EA9CF-B452-3BAC-862A-FE94D86B0972} = {E9A86AF9-73F7-3B47-BB4F-E1AD58BA3165}
		{3C2B4AA5-9960-3EE6-B151-F4DD16E1BDC7} = {E9A86AF9-73F7-3B47-BB4F-E1AD58BA3165}
		{566EE103-5CAD-3B51-A483-C95219E12B23} = {E9A86AF9-73F7-3B47-BB4F-E1AD58BA3165}
		{0E586FBA-1B0D-3B9F-99C9-248913B5F9CE} = {E9A86AF9-73F7-3B47-BB4F-E1AD58BA3165}
		{7BA10F40-3ACF-3A7D-B613-8DA1FA2FAFB5} = {E9A86AF9-73F7-3B47-BB4F-E1AD58BA3165}
		{BD8AD387-8CFB-3F51-B3BA-A97D8D94BC6A} = {E9A86AF9-73F7-3B47-BB4F-E1AD58BA3165}
		{8A090CD7-DA6E-3DB2-934B-2A720A3EADC5} = {E9A86AF9-73F7-3B47-BB4F-E1AD58BA3165}
		{515EA535-4881-3D5E-A86C-7D850FC0B65C} = {5A4A327F-4334-3BD5-B271-702548599139}
		{043B836B-C13B-3425-A4D6-3BD1FD7BD5D5} = {846B08F7-5292-38D2-A042-8EA1037DBC73}
		{8D6EB0D1-E6A8-353A-A1B2-1B355A87C111} = {846B08F7-5292-38D2-A042-8EA1037DBC73}
	EndGlobalSection
	GlobalSection(ExtensibilityGlobals) = postSolution
		SolutionGuid = {DE3DAAB0-F37A-3030-AED7-E328DE3B92C1}
	EndGlobalSection
	GlobalSection(ExtensibilityAddIns) = postSolution
	EndGlobalSection
EndGlobal
