<?xml version="1.0" encoding="utf-8"?>
<Project ToolsVersion="16.0" xmlns="http://schemas.microsoft.com/developer/msbuild/2003">
  <ItemGroup>
    <ClCompile Include="C:\DAE\VoxelEngine\Engine\AccelerationStructure.cpp">
      <Filter>Source Files</Filter>
    </ClCompile>
    <ClCompile Include="C:\DAE\VoxelEngine\Engine\Buffer.cpp">
      <Filter>Source Files</Filter>
    </ClCompile>
    <ClCompile Include="C:\DAE\VoxelEngine\Engine\Camera.cpp">
      <Filter>Source Files</Filter>
    </ClCompile>
    <ClCompile Include="C:\DAE\VoxelEngine\Engine\CommandPool.cpp">
      <Filter>Source Files</Filter>
    </ClCompile>
    <ClCompile Include="C:\DAE\VoxelEngine\Engine\DepthStencilBuffer.cpp">
      <Filter>Source Files</Filter>
    </ClCompile>
    <ClCompile Include="C:\DAE\VoxelEngine\Engine\DescriptorPool.cpp">
      <Filter>Source Files</Filter>
    </ClCompile>
    <ClCompile Include="C:\DAE\VoxelEngine\Engine\DescriptorSet.cpp">
      <Filter>Source Files</Filter>
    </ClCompile>
    <ClCompile Include="C:\DAE\VoxelEngine\Engine\FrameBuffer.cpp">
      <Filter>Source Files</Filter>
    </ClCompile>
    <ClCompile Include="C:\DAE\VoxelEngine\Engine\GraphicsPipeline.cpp">
      <Filter>Source Files</Filter>
    </ClCompile>
    <ClCompile Include="C:\DAE\VoxelEngine\Engine\Helper.cpp">
      <Filter>Source Files</Filter>
    </ClCompile>
    <ClCompile Include="C:\DAE\VoxelEngine\Engine\RaytracingGeometry.cpp">
      <Filter>Source Files</Filter>
    </ClCompile>
    <ClCompile Include="C:\DAE\VoxelEngine\Engine\RenderPass.cpp">
      <Filter>Source Files</Filter>
    </ClCompile>
    <ClCompile Include="C:\DAE\VoxelEngine\Engine\Shader.cpp">
      <Filter>Source Files</Filter>
    </ClCompile>
    <ClCompile Include="C:\DAE\VoxelEngine\Engine\Texture.cpp">
      <Filter>Source Files</Filter>
    </ClCompile>
    <ClCompile Include="C:\DAE\VoxelEngine\Engine\VertexBuffer.cpp">
      <Filter>Source Files</Filter>
    </ClCompile>
    <ClCompile Include="C:\DAE\VoxelEngine\Engine\VertexLayout.cpp">
      <Filter>Source Files</Filter>
    </ClCompile>
    <ClCompile Include="C:\DAE\VoxelEngine\Engine\VulkanBaseApp.cpp">
      <Filter>Source Files</Filter>
    </ClCompile>
    <ClCompile Include="C:\DAE\VoxelEngine\Engine\VulkanDevice.cpp">
      <Filter>Source Files</Filter>
    </ClCompile>
    <ClCompile Include="C:\DAE\VoxelEngine\Engine\VulkanHelpers.cpp">
      <Filter>Source Files</Filter>
    </ClCompile>
    <ClCompile Include="C:\DAE\VoxelEngine\Engine\VulkanSwapchain.cpp">
      <Filter>Source Files</Filter>
    </ClCompile>
    <ClCompile Include="C:\DAE\VoxelEngine\Engine\Window.cpp">
      <Filter>Source Files</Filter>
    </ClCompile>
  </ItemGroup>
  <ItemGroup>
    <ClInclude Include="C:\DAE\VoxelEngine\Engine\AccelerationStructure.h">
      <Filter>Header Files</Filter>
    </ClInclude>
    <ClInclude Include="C:\DAE\VoxelEngine\Engine\BUILD_OPTIONS.h">
      <Filter>Header Files</Filter>
    </ClInclude>
    <ClInclude Include="C:\DAE\VoxelEngine\Engine\Buffer.h">
      <Filter>Header Files</Filter>
    </ClInclude>
    <ClInclude Include="C:\DAE\VoxelEngine\Engine\Camera.h">
      <Filter>Header Files</Filter>
    </ClInclude>
    <ClInclude Include="C:\DAE\VoxelEngine\Engine\CommandPool.h">
      <Filter>Header Files</Filter>
    </ClInclude>
    <ClInclude Include="C:\DAE\VoxelEngine\Engine\DepthStencilBuffer.h">
      <Filter>Header Files</Filter>
    </ClInclude>
    <ClInclude Include="C:\DAE\VoxelEngine\Engine\DescriptorPool.h">
      <Filter>Header Files</Filter>
    </ClInclude>
    <ClInclude Include="C:\DAE\VoxelEngine\Engine\DescriptorSet.h">
      <Filter>Header Files</Filter>
    </ClInclude>
    <ClInclude Include="C:\DAE\VoxelEngine\Engine\FrameBuffer.h">
      <Filter>Header Files</Filter>
    </ClInclude>
    <ClInclude Include="C:\DAE\VoxelEngine\Engine\GraphicsPipeline.h">
      <Filter>Header Files</Filter>
    </ClInclude>
    <ClInclude Include="C:\DAE\VoxelEngine\Engine\Helper.h">
      <Filter>Header Files</Filter>
    </ClInclude>
    <ClInclude Include="C:\DAE\VoxelEngine\Engine\Platform.h">
      <Filter>Header Files</Filter>
    </ClInclude>
    <ClInclude Include="C:\DAE\VoxelEngine\Engine\RaytracingGeometry.h">
      <Filter>Header Files</Filter>
    </ClInclude>
    <ClInclude Include="C:\DAE\VoxelEngine\Engine\RenderPass.h">
      <Filter>Header Files</Filter>
    </ClInclude>
    <ClInclude Include="C:\DAE\VoxelEngine\Engine\Shader.h">
      <Filter>Header Files</Filter>
    </ClInclude>
    <ClInclude Include="C:\DAE\VoxelEngine\Engine\Texture.h">
      <Filter>Header Files</Filter>
    </ClInclude>
    <ClInclude Include="C:\DAE\VoxelEngine\Engine\VertexBuffer.h">
      <Filter>Header Files</Filter>
    </ClInclude>
    <ClInclude Include="C:\DAE\VoxelEngine\Engine\VertexLayout.h">
      <Filter>Header Files</Filter>
    </ClInclude>
    <ClInclude Include="C:\DAE\VoxelEngine\Engine\VulkanBaseApp.h">
      <Filter>Header Files</Filter>
    </ClInclude>
    <ClInclude Include="C:\DAE\VoxelEngine\Engine\VulkanDevice.h">
      <Filter>Header Files</Filter>
    </ClInclude>
    <ClInclude Include="C:\DAE\VoxelEngine\Engine\VulkanHelpers.h">
      <Filter>Header Files</Filter>
    </ClInclude>
    <ClInclude Include="C:\DAE\VoxelEngine\Engine\VulkanSwapchain.h">
      <Filter>Header Files</Filter>
    </ClInclude>
    <ClInclude Include="C:\DAE\VoxelEngine\Engine\Window.h">
      <Filter>Header Files</Filter>
    </ClInclude>
    <ClInclude Include="C:\DAE\VoxelEngine\Engine\stb_image.h">
      <Filter>Header Files</Filter>
    </ClInclude>
  </ItemGroup>
  <ItemGroup>
    <CustomBuild Include="C:\DAE\VoxelEngine\Engine\CMakeLists.txt" />
  </ItemGroup>
  <ItemGroup>
    <Filter Include="Header Files">
      <UniqueIdentifier>{B4DACBFE-C663-361D-BE79-5DE89BE6C8F6}</UniqueIdentifier>
    </Filter>
    <Filter Include="Source Files">
      <UniqueIdentifier>{F28E283B-CE07-3E98-B078-2915FC74D3F4}</UniqueIdentifier>
    </Filter>
  </ItemGroup>
</Project>