<?xml version="1.0" encoding="utf-8"?>
<Project ToolsVersion="16.0" xmlns="http://schemas.microsoft.com/developer/msbuild/2003">
  <ItemGroup>
    <ClCompile Include="C:\DAE\VoxelEngine\Apps\MeshDebugRendering\Main.cpp">
      <Filter>Source Files</Filter>
    </ClCompile>
    <ClCompile Include="C:\DAE\VoxelEngine\Apps\MeshDebugRendering\App.cpp">
      <Filter>Source Files</Filter>
    </ClCompile>
  </ItemGroup>
  <ItemGroup>
    <ClInclude Include="C:\DAE\VoxelEngine\Apps\MeshDebugRendering\App.h">
      <Filter>Header Files</Filter>
    </ClInclude>
  </ItemGroup>
  <ItemGroup>
    <CustomBuild Include="C:\DAE\VoxelEngine\Apps\CMakeLists.txt" />
  </ItemGroup>
  <ItemGroup>
    <Filter Include="Header Files">
      <UniqueIdentifier>{B4DACBFE-C663-361D-BE79-5DE89BE6C8F6}</UniqueIdentifier>
    </Filter>
    <Filter Include="Source Files">
      <UniqueIdentifier>{F28E283B-CE07-3E98-B078-2915FC74D3F4}</UniqueIdentifier>
    </Filter>
  </ItemGroup>
</Project>
