Microsoft Visual Studio Solution File, Format Version 12.00
# Visual Studio 15
Project("{2150E333-8FDC-42A3-9474-1A3956D46DE8}") = "CMakePredefinedTargets", "CMakePredefinedTargets", "{17B1C9F7-98F3-3F7F-978E-63372E554772}"
EndProject
Project("{2150E333-8FDC-42A3-9474-1A3956D46DE8}") = "GLFW3", "GLFW3", "{E3A0B5B0-7980-3389-A8FD-406CF162708A}"
EndProject
Project("{2150E333-8FDC-42A3-9474-1A3956D46DE8}") = "Examples", "GLFW3\Examples", "{656190BB-C3BB-39B3-BEA4-0D7EA10C9903}"
EndProject
Project("{2150E333-8FDC-42A3-9474-1A3956D46DE8}") = "Tests", "GLFW3\Tests", "{7E3ABC4B-3B06-3FA4-A95A-4DB0E55B6EF6}"
EndProject
Project("{8BC9CEB8-8B4A-11D0-8D11-00A0C91BC942}") = "ALL_BUILD", "ALL_BUILD.vcxproj", "{3589F81E-6F80-3B89-8580-0EF5F54A042F}"
	ProjectSection(ProjectDependencies) = postProject
		{10093B90-C9A5-3B67-B365-26365A08A29C} = {10093B90-C9A5-3B67-B365-26365A08A29C}
		{829761F2-750F-30D9-B533-BA82EF4319C7} = {829761F2-750F-30D9-B533-BA82EF4319C7}
		{D14DD266-05E7-3C06-9687-98E2923FF7BB} = {D14DD266-05E7-3C06-9687-98E2923FF7BB}
		{80CFC61B-36B4-3CC8-AF9C-00906FE5ACEA} = {80CFC61B-36B4-3CC8-AF9C-00906FE5ACEA}
		{E1DC943E-8AB6-3509-BD8E-3683117B32AA} = {E1DC943E-8AB6-3509-BD8E-3683117B32AA}
		{B73856C4-2146-399E-BE57-C8BC586EE0E1} = {B73856C4-2146-399E-BE57-C8BC586EE0E1}
		{88B3C686-8ED8-323E-9783-DCBF397A9C42} = {88B3C686-8ED8-323E-9783-DCBF397A9C42}
		{EA167FC5-C8CE-393E-8A09-C3EDD72E2EAC} = {EA167FC5-C8CE-393E-8A09-C3EDD72E2EAC}
		{CFAED16A-9238-3502-8D57-9FC4AD8F64E3} = {CFAED16A-9238-3502-8D57-9FC4AD8F64E3}
		{CFE7BCEC-CE0B-3ABF-B442-40E208E9F38A} = {CFE7BCEC-CE0B-3ABF-B442-40E208E9F38A}
		{44523D92-05DD-3D6D-BFC5-32E05374C573} = {44523D92-05DD-3D6D-BFC5-32E05374C573}
		{EB3EF68E-96ED-3CA8-BFAC-2E64E65821B0} = {EB3EF68E-96ED-3CA8-BFAC-2E64E65821B0}
		{E64DFC26-6BEB-32BB-947D-30861521B89B} = {E64DFC26-6BEB-32BB-947D-30861521B89B}
		{3F68B919-0028-34AA-9E24-6FF50EBE80CA} = {3F68B919-0028-34AA-9E24-6FF50EBE80CA}
		{2C7BF126-B935-3649-B140-D71AFA4F7760} = {2C7BF126-B935-3649-B140-D71AFA4F7760}
		{257CBFAF-3D66-38B8-AABC-551ECB4B3F89} = {257CBFAF-3D66-38B8-AABC-551ECB4B3F89}
		{BBA86E67-46EB-3E21-A515-AA5D0DD4194E} = {BBA86E67-46EB-3E21-A515-AA5D0DD4194E}
		{91FCE934-BB38-3D7A-A52A-CDA7EBAFD1F2} = {91FCE934-BB38-3D7A-A52A-CDA7EBAFD1F2}
		{9419299D-7CF5-3461-9DD3-457E60F00F07} = {9419299D-7CF5-3461-9DD3-457E60F00F07}
		{CD1D20CC-437A-3F0B-B193-B9089A3A610F} = {CD1D20CC-437A-3F0B-B193-B9089A3A610F}
		{14D46F24-849F-384D-994A-540747EFF9CE} = {14D46F24-849F-384D-994A-540747EFF9CE}
		{E615162D-0255-3C2F-BEDC-AB5E45F2D97B} = {E615162D-0255-3C2F-BEDC-AB5E45F2D97B}
		{48254989-409F-3A18-8F42-EDE8119BB27D} = {48254989-409F-3A18-8F42-EDE8119BB27D}
		{32E8EE0D-28F1-3767-AD3E-D148DF551C7C} = {32E8EE0D-28F1-3767-AD3E-D148DF551C7C}
		{E8E5DD4B-B348-3A82-9347-CD3E33EB952E} = {E8E5DD4B-B348-3A82-9347-CD3E33EB952E}
		{A65D68EA-A44D-3152-8E2D-B22D2CB7FB7D} = {A65D68EA-A44D-3152-8E2D-B22D2CB7FB7D}
		{DFEF7E58-2940-3749-B291-962AAFE99064} = {DFEF7E58-2940-3749-B291-962AAFE99064}
		{D4826B48-8262-3C30-A44B-D1C75D8EFE0F} = {D4826B48-8262-3C30-A44B-D1C75D8EFE0F}
		{2F2D8B80-5B08-346D-8DED-BD3F3F762952} = {2F2D8B80-5B08-346D-8DED-BD3F3F762952}
		{12C6797E-7D5A-3C2F-B3E0-FC8574331079} = {12C6797E-7D5A-3C2F-B3E0-FC8574331079}
		{A4035290-B36E-3631-9E5E-E13B40DB15B2} = {A4035290-B36E-3631-9E5E-E13B40DB15B2}
	EndProjectSection
EndProject
Project("{8BC9CEB8-8B4A-11D0-8D11-00A0C91BC942}") = "INSTALL", "INSTALL.vcxproj", "{B8FD701A-080C-3717-911B-10F27463A31C}"
	ProjectSection(ProjectDependencies) = postProject
		{3589F81E-6F80-3B89-8580-0EF5F54A042F} = {3589F81E-6F80-3B89-8580-0EF5F54A042F}
		{10093B90-C9A5-3B67-B365-26365A08A29C} = {10093B90-C9A5-3B67-B365-26365A08A29C}
	EndProjectSection
EndProject
Project("{8BC9CEB8-8B4A-11D0-8D11-00A0C91BC942}") = "ZERO_CHECK", "ZERO_CHECK.vcxproj", "{10093B90-C9A5-3B67-B365-26365A08A29C}"
	ProjectSection(ProjectDependencies) = postProject
	EndProjectSection
EndProject
Project("{8BC9CEB8-8B4A-11D0-8D11-00A0C91BC942}") = "boing", "examples\boing.vcxproj", "{829761F2-750F-30D9-B533-BA82EF4319C7}"
	ProjectSection(ProjectDependencies) = postProject
		{10093B90-C9A5-3B67-B365-26365A08A29C} = {10093B90-C9A5-3B67-B365-26365A08A29C}
		{CFAED16A-9238-3502-8D57-9FC4AD8F64E3} = {CFAED16A-9238-3502-8D57-9FC4AD8F64E3}
	EndProjectSection
EndProject
Project("{8BC9CEB8-8B4A-11D0-8D11-00A0C91BC942}") = "clipboard", "tests\clipboard.vcxproj", "{D14DD266-05E7-3C06-9687-98E2923FF7BB}"
	ProjectSection(ProjectDependencies) = postProject
		{10093B90-C9A5-3B67-B365-26365A08A29C} = {10093B90-C9A5-3B67-B365-26365A08A29C}
		{CFAED16A-9238-3502-8D57-9FC4AD8F64E3} = {CFAED16A-9238-3502-8D57-9FC4AD8F64E3}
	EndProjectSection
EndProject
Project("{8BC9CEB8-8B4A-11D0-8D11-00A0C91BC942}") = "cursor", "tests\cursor.vcxproj", "{80CFC61B-36B4-3CC8-AF9C-00906FE5ACEA}"
	ProjectSection(ProjectDependencies) = postProject
		{10093B90-C9A5-3B67-B365-26365A08A29C} = {10093B90-C9A5-3B67-B365-26365A08A29C}
		{CFAED16A-9238-3502-8D57-9FC4AD8F64E3} = {CFAED16A-9238-3502-8D57-9FC4AD8F64E3}
	EndProjectSection
EndProject
Project("{8BC9CEB8-8B4A-11D0-8D11-00A0C91BC942}") = "empty", "tests\empty.vcxproj", "{E1DC943E-8AB6-3509-BD8E-3683117B32AA}"
	ProjectSection(ProjectDependencies) = postProject
		{10093B90-C9A5-3B67-B365-26365A08A29C} = {10093B90-C9A5-3B67-B365-26365A08A29C}
		{CFAED16A-9238-3502-8D57-9FC4AD8F64E3} = {CFAED16A-9238-3502-8D57-9FC4AD8F64E3}
	EndProjectSection
EndProject
Project("{8BC9CEB8-8B4A-11D0-8D11-00A0C91BC942}") = "events", "tests\events.vcxproj", "{B73856C4-2146-399E-BE57-C8BC586EE0E1}"
	ProjectSection(ProjectDependencies) = postProject
		{10093B90-C9A5-3B67-B365-26365A08A29C} = {10093B90-C9A5-3B67-B365-26365A08A29C}
		{CFAED16A-9238-3502-8D57-9FC4AD8F64E3} = {CFAED16A-9238-3502-8D57-9FC4AD8F64E3}
	EndProjectSection
EndProject
Project("{8BC9CEB8-8B4A-11D0-8D11-00A0C91BC942}") = "gamma", "tests\gamma.vcxproj", "{88B3C686-8ED8-323E-9783-DCBF397A9C42}"
	ProjectSection(ProjectDependencies) = postProject
		{10093B90-C9A5-3B67-B365-26365A08A29C} = {10093B90-C9A5-3B67-B365-26365A08A29C}
		{CFAED16A-9238-3502-8D57-9FC4AD8F64E3} = {CFAED16A-9238-3502-8D57-9FC4AD8F64E3}
	EndProjectSection
EndProject
Project("{8BC9CEB8-8B4A-11D0-8D11-00A0C91BC942}") = "gears", "examples\gears.vcxproj", "{EA167FC5-C8CE-393E-8A09-C3EDD72E2EAC}"
	ProjectSection(ProjectDependencies) = postProject
		{10093B90-C9A5-3B67-B365-26365A08A29C} = {10093B90-C9A5-3B67-B365-26365A08A29C}
		{CFAED16A-9238-3502-8D57-9FC4AD8F64E3} = {CFAED16A-9238-3502-8D57-9FC4AD8F64E3}
	EndProjectSection
EndProject
Project("{8BC9CEB8-8B4A-11D0-8D11-00A0C91BC942}") = "glfw", "src\glfw.vcxproj", "{CFAED16A-9238-3502-8D57-9FC4AD8F64E3}"
	ProjectSection(ProjectDependencies) = postProject
		{10093B90-C9A5-3B67-B365-26365A08A29C} = {10093B90-C9A5-3B67-B365-26365A08A29C}
	EndProjectSection
EndProject
Project("{8BC9CEB8-8B4A-11D0-8D11-00A0C91BC942}") = "glfwinfo", "tests\glfwinfo.vcxproj", "{CFE7BCEC-CE0B-3ABF-B442-40E208E9F38A}"
	ProjectSection(ProjectDependencies) = postProject
		{10093B90-C9A5-3B67-B365-26365A08A29C} = {10093B90-C9A5-3B67-B365-26365A08A29C}
		{CFAED16A-9238-3502-8D57-9FC4AD8F64E3} = {CFAED16A-9238-3502-8D57-9FC4AD8F64E3}
	EndProjectSection
EndProject
Project("{8BC9CEB8-8B4A-11D0-8D11-00A0C91BC942}") = "heightmap", "examples\heightmap.vcxproj", "{44523D92-05DD-3D6D-BFC5-32E05374C573}"
	ProjectSection(ProjectDependencies) = postProject
		{10093B90-C9A5-3B67-B365-26365A08A29C} = {10093B90-C9A5-3B67-B365-26365A08A29C}
		{CFAED16A-9238-3502-8D57-9FC4AD8F64E3} = {CFAED16A-9238-3502-8D57-9FC4AD8F64E3}
	EndProjectSection
EndProject
Project("{8BC9CEB8-8B4A-11D0-8D11-00A0C91BC942}") = "icon", "tests\icon.vcxproj", "{EB3EF68E-96ED-3CA8-BFAC-2E64E65821B0}"
	ProjectSection(ProjectDependencies) = postProject
		{10093B90-C9A5-3B67-B365-26365A08A29C} = {10093B90-C9A5-3B67-B365-26365A08A29C}
		{CFAED16A-9238-3502-8D57-9FC4AD8F64E3} = {CFAED16A-9238-3502-8D57-9FC4AD8F64E3}
	EndProjectSection
EndProject
Project("{8BC9CEB8-8B4A-11D0-8D11-00A0C91BC942}") = "iconify", "tests\iconify.vcxproj", "{E64DFC26-6BEB-32BB-947D-30861521B89B}"
	ProjectSection(ProjectDependencies) = postProject
		{10093B90-C9A5-3B67-B365-26365A08A29C} = {10093B90-C9A5-3B67-B365-26365A08A29C}
		{CFAED16A-9238-3502-8D57-9FC4AD8F64E3} = {CFAED16A-9238-3502-8D57-9FC4AD8F64E3}
	EndProjectSection
EndProject
Project("{8BC9CEB8-8B4A-11D0-8D11-00A0C91BC942}") = "inputlag", "tests\inputlag.vcxproj", "{3F68B919-0028-34AA-9E24-6FF50EBE80CA}"
	ProjectSection(ProjectDependencies) = postProject
		{10093B90-C9A5-3B67-B365-26365A08A29C} = {10093B90-C9A5-3B67-B365-26365A08A29C}
		{CFAED16A-9238-3502-8D57-9FC4AD8F64E3} = {CFAED16A-9238-3502-8D57-9FC4AD8F64E3}
	EndProjectSection
EndProject
Project("{8BC9CEB8-8B4A-11D0-8D11-00A0C91BC942}") = "joysticks", "tests\joysticks.vcxproj", "{2C7BF126-B935-3649-B140-D71AFA4F7760}"
	ProjectSection(ProjectDependencies) = postProject
		{10093B90-C9A5-3B67-B365-26365A08A29C} = {10093B90-C9A5-3B67-B365-26365A08A29C}
		{CFAED16A-9238-3502-8D57-9FC4AD8F64E3} = {CFAED16A-9238-3502-8D57-9FC4AD8F64E3}
	EndProjectSection
EndProject
Project("{8BC9CEB8-8B4A-11D0-8D11-00A0C91BC942}") = "monitors", "tests\monitors.vcxproj", "{257CBFAF-3D66-38B8-AABC-551ECB4B3F89}"
	ProjectSection(ProjectDependencies) = postProject
		{10093B90-C9A5-3B67-B365-26365A08A29C} = {10093B90-C9A5-3B67-B365-26365A08A29C}
		{CFAED16A-9238-3502-8D57-9FC4AD8F64E3} = {CFAED16A-9238-3502-8D57-9FC4AD8F64E3}
	EndProjectSection
EndProject
Project("{8BC9CEB8-8B4A-11D0-8D11-00A0C91BC942}") = "msaa", "tests\msaa.vcxproj", "{BBA86E67-46EB-3E21-A515-AA5D0DD4194E}"
	ProjectSection(ProjectDependencies) = postProject
		{10093B90-C9A5-3B67-B365-26365A08A29C} = {10093B90-C9A5-3B67-B365-26365A08A29C}
		{CFAED16A-9238-3502-8D57-9FC4AD8F64E3} = {CFAED16A-9238-3502-8D57-9FC4AD8F64E3}
	EndProjectSection
EndProject
Project("{8BC9CEB8-8B4A-11D0-8D11-00A0C91BC942}") = "offscreen", "examples\offscreen.vcxproj", "{91FCE934-BB38-3D7A-A52A-CDA7EBAFD1F2}"
	ProjectSection(ProjectDependencies) = postProject
		{10093B90-C9A5-3B67-B365-26365A08A29C} = {10093B90-C9A5-3B67-B365-26365A08A29C}
		{CFAED16A-9238-3502-8D57-9FC4AD8F64E3} = {CFAED16A-9238-3502-8D57-9FC4AD8F64E3}
	EndProjectSection
EndProject
Project("{8BC9CEB8-8B4A-11D0-8D11-00A0C91BC942}") = "opacity", "tests\opacity.vcxproj", "{9419299D-7CF5-3461-9DD3-457E60F00F07}"
	ProjectSection(ProjectDependencies) = postProject
		{10093B90-C9A5-3B67-B365-26365A08A29C} = {10093B90-C9A5-3B67-B365-26365A08A29C}
		{CFAED16A-9238-3502-8D57-9FC4AD8F64E3} = {CFAED16A-9238-3502-8D57-9FC4AD8F64E3}
	EndProjectSection
EndProject
Project("{8BC9CEB8-8B4A-11D0-8D11-00A0C91BC942}") = "particles", "examples\particles.vcxproj", "{CD1D20CC-437A-3F0B-B193-B9089A3A610F}"
	ProjectSection(ProjectDependencies) = postProject
		{10093B90-C9A5-3B67-B365-26365A08A29C} = {10093B90-C9A5-3B67-B365-26365A08A29C}
		{CFAED16A-9238-3502-8D57-9FC4AD8F64E3} = {CFAED16A-9238-3502-8D57-9FC4AD8F64E3}
	EndProjectSection
EndProject
Project("{8BC9CEB8-8B4A-11D0-8D11-00A0C91BC942}") = "reopen", "tests\reopen.vcxproj", "{14D46F24-849F-384D-994A-540747EFF9CE}"
	ProjectSection(ProjectDependencies) = postProject
		{10093B90-C9A5-3B67-B365-26365A08A29C} = {10093B90-C9A5-3B67-B365-26365A08A29C}
		{CFAED16A-9238-3502-8D57-9FC4AD8F64E3} = {CFAED16A-9238-3502-8D57-9FC4AD8F64E3}
	EndProjectSection
EndProject
Project("{8BC9CEB8-8B4A-11D0-8D11-00A0C91BC942}") = "sharing", "examples\sharing.vcxproj", "{E615162D-0255-3C2F-BEDC-AB5E45F2D97B}"
	ProjectSection(ProjectDependencies) = postProject
		{10093B90-C9A5-3B67-B365-26365A08A29C} = {10093B90-C9A5-3B67-B365-26365A08A29C}
		{CFAED16A-9238-3502-8D57-9FC4AD8F64E3} = {CFAED16A-9238-3502-8D57-9FC4AD8F64E3}
	EndProjectSection
EndProject
Project("{8BC9CEB8-8B4A-11D0-8D11-00A0C91BC942}") = "simple", "examples\simple.vcxproj", "{48254989-409F-3A18-8F42-EDE8119BB27D}"
	ProjectSection(ProjectDependencies) = postProject
		{10093B90-C9A5-3B67-B365-26365A08A29C} = {10093B90-C9A5-3B67-B365-26365A08A29C}
		{CFAED16A-9238-3502-8D57-9FC4AD8F64E3} = {CFAED16A-9238-3502-8D57-9FC4AD8F64E3}
	EndProjectSection
EndProject
Project("{8BC9CEB8-8B4A-11D0-8D11-00A0C91BC942}") = "splitview", "examples\splitview.vcxproj", "{32E8EE0D-28F1-3767-AD3E-D148DF551C7C}"
	ProjectSection(ProjectDependencies) = postProject
		{10093B90-C9A5-3B67-B365-26365A08A29C} = {10093B90-C9A5-3B67-B365-26365A08A29C}
		{CFAED16A-9238-3502-8D57-9FC4AD8F64E3} = {CFAED16A-9238-3502-8D57-9FC4AD8F64E3}
	EndProjectSection
EndProject
Project("{8BC9CEB8-8B4A-11D0-8D11-00A0C91BC942}") = "tearing", "tests\tearing.vcxproj", "{E8E5DD4B-B348-3A82-9347-CD3E33EB952E}"
	ProjectSection(ProjectDependencies) = postProject
		{10093B90-C9A5-3B67-B365-26365A08A29C} = {10093B90-C9A5-3B67-B365-26365A08A29C}
		{CFAED16A-9238-3502-8D57-9FC4AD8F64E3} = {CFAED16A-9238-3502-8D57-9FC4AD8F64E3}
	EndProjectSection
EndProject
Project("{8BC9CEB8-8B4A-11D0-8D11-00A0C91BC942}") = "threads", "tests\threads.vcxproj", "{A65D68EA-A44D-3152-8E2D-B22D2CB7FB7D}"
	ProjectSection(ProjectDependencies) = postProject
		{10093B90-C9A5-3B67-B365-26365A08A29C} = {10093B90-C9A5-3B67-B365-26365A08A29C}
		{CFAED16A-9238-3502-8D57-9FC4AD8F64E3} = {CFAED16A-9238-3502-8D57-9FC4AD8F64E3}
	EndProjectSection
EndProject
Project("{8BC9CEB8-8B4A-11D0-8D11-00A0C91BC942}") = "timeout", "tests\timeout.vcxproj", "{DFEF7E58-2940-3749-B291-962AAFE99064}"
	ProjectSection(ProjectDependencies) = postProject
		{10093B90-C9A5-3B67-B365-26365A08A29C} = {10093B90-C9A5-3B67-B365-26365A08A29C}
		{CFAED16A-9238-3502-8D57-9FC4AD8F64E3} = {CFAED16A-9238-3502-8D57-9FC4AD8F64E3}
	EndProjectSection
EndProject
Project("{8BC9CEB8-8B4A-11D0-8D11-00A0C91BC942}") = "title", "tests\title.vcxproj", "{D4826B48-8262-3C30-A44B-D1C75D8EFE0F}"
	ProjectSection(ProjectDependencies) = postProject
		{10093B90-C9A5-3B67-B365-26365A08A29C} = {10093B90-C9A5-3B67-B365-26365A08A29C}
		{CFAED16A-9238-3502-8D57-9FC4AD8F64E3} = {CFAED16A-9238-3502-8D57-9FC4AD8F64E3}
	EndProjectSection
EndProject
Project("{8BC9CEB8-8B4A-11D0-8D11-00A0C91BC942}") = "uninstall", "uninstall.vcxproj", "{F8E89247-407B-3B1F-AB84-06737B1B1BFC}"
	ProjectSection(ProjectDependencies) = postProject
		{10093B90-C9A5-3B67-B365-26365A08A29C} = {10093B90-C9A5-3B67-B365-26365A08A29C}
	EndProjectSection
EndProject
Project("{8BC9CEB8-8B4A-11D0-8D11-00A0C91BC942}") = "vulkan", "tests\vulkan.vcxproj", "{2F2D8B80-5B08-346D-8DED-BD3F3F762952}"
	ProjectSection(ProjectDependencies) = postProject
		{10093B90-C9A5-3B67-B365-26365A08A29C} = {10093B90-C9A5-3B67-B365-26365A08A29C}
		{CFAED16A-9238-3502-8D57-9FC4AD8F64E3} = {CFAED16A-9238-3502-8D57-9FC4AD8F64E3}
	EndProjectSection
EndProject
Project("{8BC9CEB8-8B4A-11D0-8D11-00A0C91BC942}") = "wave", "examples\wave.vcxproj", "{12C6797E-7D5A-3C2F-B3E0-FC8574331079}"
	ProjectSection(ProjectDependencies) = postProject
		{10093B90-C9A5-3B67-B365-26365A08A29C} = {10093B90-C9A5-3B67-B365-26365A08A29C}
		{CFAED16A-9238-3502-8D57-9FC4AD8F64E3} = {CFAED16A-9238-3502-8D57-9FC4AD8F64E3}
	EndProjectSection
EndProject
Project("{8BC9CEB8-8B4A-11D0-8D11-00A0C91BC942}") = "windows", "tests\windows.vcxproj", "{A4035290-B36E-3631-9E5E-E13B40DB15B2}"
	ProjectSection(ProjectDependencies) = postProject
		{10093B90-C9A5-3B67-B365-26365A08A29C} = {10093B90-C9A5-3B67-B365-26365A08A29C}
		{CFAED16A-9238-3502-8D57-9FC4AD8F64E3} = {CFAED16A-9238-3502-8D57-9FC4AD8F64E3}
	EndProjectSection
EndProject
Global
	GlobalSection(SolutionConfigurationPlatforms) = preSolution
		Debug|Win32 = Debug|Win32
		Release|Win32 = Release|Win32
		MinSizeRel|Win32 = MinSizeRel|Win32
		RelWithDebInfo|Win32 = RelWithDebInfo|Win32
	EndGlobalSection
	GlobalSection(ProjectConfigurationPlatforms) = postSolution
		{3589F81E-6F80-3B89-8580-0EF5F54A042F}.Debug|Win32.ActiveCfg = Debug|Win32
		{3589F81E-6F80-3B89-8580-0EF5F54A042F}.Debug|Win32.Build.0 = Debug|Win32
		{3589F81E-6F80-3B89-8580-0EF5F54A042F}.Release|Win32.ActiveCfg = Release|Win32
		{3589F81E-6F80-3B89-8580-0EF5F54A042F}.Release|Win32.Build.0 = Release|Win32
		{3589F81E-6F80-3B89-8580-0EF5F54A042F}.MinSizeRel|Win32.ActiveCfg = MinSizeRel|Win32
		{3589F81E-6F80-3B89-8580-0EF5F54A042F}.MinSizeRel|Win32.Build.0 = MinSizeRel|Win32
		{3589F81E-6F80-3B89-8580-0EF5F54A042F}.RelWithDebInfo|Win32.ActiveCfg = RelWithDebInfo|Win32
		{3589F81E-6F80-3B89-8580-0EF5F54A042F}.RelWithDebInfo|Win32.Build.0 = RelWithDebInfo|Win32
		{B8FD701A-080C-3717-911B-10F27463A31C}.Debug|Win32.ActiveCfg = Debug|Win32
		{B8FD701A-080C-3717-911B-10F27463A31C}.Release|Win32.ActiveCfg = Release|Win32
		{B8FD701A-080C-3717-911B-10F27463A31C}.MinSizeRel|Win32.ActiveCfg = MinSizeRel|Win32
		{B8FD701A-080C-3717-911B-10F27463A31C}.RelWithDebInfo|Win32.ActiveCfg = RelWithDebInfo|Win32
		{10093B90-C9A5-3B67-B365-26365A08A29C}.Debug|Win32.ActiveCfg = Debug|Win32
		{10093B90-C9A5-3B67-B365-26365A08A29C}.Debug|Win32.Build.0 = Debug|Win32
		{10093B90-C9A5-3B67-B365-26365A08A29C}.Release|Win32.ActiveCfg = Release|Win32
		{10093B90-C9A5-3B67-B365-26365A08A29C}.Release|Win32.Build.0 = Release|Win32
		{10093B90-C9A5-3B67-B365-26365A08A29C}.MinSizeRel|Win32.ActiveCfg = MinSizeRel|Win32
		{10093B90-C9A5-3B67-B365-26365A08A29C}.MinSizeRel|Win32.Build.0 = MinSizeRel|Win32
		{10093B90-C9A5-3B67-B365-26365A08A29C}.RelWithDebInfo|Win32.ActiveCfg = RelWithDebInfo|Win32
		{10093B90-C9A5-3B67-B365-26365A08A29C}.RelWithDebInfo|Win32.Build.0 = RelWithDebInfo|Win32
		{829761F2-750F-30D9-B533-BA82EF4319C7}.Debug|Win32.ActiveCfg = Debug|Win32
		{829761F2-750F-30D9-B533-BA82EF4319C7}.Debug|Win32.Build.0 = Debug|Win32
		{829761F2-750F-30D9-B533-BA82EF4319C7}.Release|Win32.ActiveCfg = Release|Win32
		{829761F2-750F-30D9-B533-BA82EF4319C7}.Release|Win32.Build.0 = Release|Win32
		{829761F2-750F-30D9-B533-BA82EF4319C7}.MinSizeRel|Win32.ActiveCfg = MinSizeRel|Win32
		{829761F2-750F-30D9-B533-BA82EF4319C7}.MinSizeRel|Win32.Build.0 = MinSizeRel|Win32
		{829761F2-750F-30D9-B533-BA82EF4319C7}.RelWithDebInfo|Win32.ActiveCfg = RelWithDebInfo|Win32
		{829761F2-750F-30D9-B533-BA82EF4319C7}.RelWithDebInfo|Win32.Build.0 = RelWithDebInfo|Win32
		{D14DD266-05E7-3C06-9687-98E2923FF7BB}.Debug|Win32.ActiveCfg = Debug|Win32
		{D14DD266-05E7-3C06-9687-98E2923FF7BB}.Debug|Win32.Build.0 = Debug|Win32
		{D14DD266-05E7-3C06-9687-98E2923FF7BB}.Release|Win32.ActiveCfg = Release|Win32
		{D14DD266-05E7-3C06-9687-98E2923FF7BB}.Release|Win32.Build.0 = Release|Win32
		{D14DD266-05E7-3C06-9687-98E2923FF7BB}.MinSizeRel|Win32.ActiveCfg = MinSizeRel|Win32
		{D14DD266-05E7-3C06-9687-98E2923FF7BB}.MinSizeRel|Win32.Build.0 = MinSizeRel|Win32
		{D14DD266-05E7-3C06-9687-98E2923FF7BB}.RelWithDebInfo|Win32.ActiveCfg = RelWithDebInfo|Win32
		{D14DD266-05E7-3C06-9687-98E2923FF7BB}.RelWithDebInfo|Win32.Build.0 = RelWithDebInfo|Win32
		{80CFC61B-36B4-3CC8-AF9C-00906FE5ACEA}.Debug|Win32.ActiveCfg = Debug|Win32
		{80CFC61B-36B4-3CC8-AF9C-00906FE5ACEA}.Debug|Win32.Build.0 = Debug|Win32
		{80CFC61B-36B4-3CC8-AF9C-00906FE5ACEA}.Release|Win32.ActiveCfg = Release|Win32
		{80CFC61B-36B4-3CC8-AF9C-00906FE5ACEA}.Release|Win32.Build.0 = Release|Win32
		{80CFC61B-36B4-3CC8-AF9C-00906FE5ACEA}.MinSizeRel|Win32.ActiveCfg = MinSizeRel|Win32
		{80CFC61B-36B4-3CC8-AF9C-00906FE5ACEA}.MinSizeRel|Win32.Build.0 = MinSizeRel|Win32
		{80CFC61B-36B4-3CC8-AF9C-00906FE5ACEA}.RelWithDebInfo|Win32.ActiveCfg = RelWithDebInfo|Win32
		{80CFC61B-36B4-3CC8-AF9C-00906FE5ACEA}.RelWithDebInfo|Win32.Build.0 = RelWithDebInfo|Win32
		{E1DC943E-8AB6-3509-BD8E-3683117B32AA}.Debug|Win32.ActiveCfg = Debug|Win32
		{E1DC943E-8AB6-3509-BD8E-3683117B32AA}.Debug|Win32.Build.0 = Debug|Win32
		{E1DC943E-8AB6-3509-BD8E-3683117B32AA}.Release|Win32.ActiveCfg = Release|Win32
		{E1DC943E-8AB6-3509-BD8E-3683117B32AA}.Release|Win32.Build.0 = Release|Win32
		{E1DC943E-8AB6-3509-BD8E-3683117B32AA}.MinSizeRel|Win32.ActiveCfg = MinSizeRel|Win32
		{E1DC943E-8AB6-3509-BD8E-3683117B32AA}.MinSizeRel|Win32.Build.0 = MinSizeRel|Win32
		{E1DC943E-8AB6-3509-BD8E-3683117B32AA}.RelWithDebInfo|Win32.ActiveCfg = RelWithDebInfo|Win32
		{E1DC943E-8AB6-3509-BD8E-3683117B32AA}.RelWithDebInfo|Win32.Build.0 = RelWithDebInfo|Win32
		{B73856C4-2146-399E-BE57-C8BC586EE0E1}.Debug|Win32.ActiveCfg = Debug|Win32
		{B73856C4-2146-399E-BE57-C8BC586EE0E1}.Debug|Win32.Build.0 = Debug|Win32
		{B73856C4-2146-399E-BE57-C8BC586EE0E1}.Release|Win32.ActiveCfg = Release|Win32
		{B73856C4-2146-399E-BE57-C8BC586EE0E1}.Release|Win32.Build.0 = Release|Win32
		{B73856C4-2146-399E-BE57-C8BC586EE0E1}.MinSizeRel|Win32.ActiveCfg = MinSizeRel|Win32
		{B73856C4-2146-399E-BE57-C8BC586EE0E1}.MinSizeRel|Win32.Build.0 = MinSizeRel|Win32
		{B73856C4-2146-399E-BE57-C8BC586EE0E1}.RelWithDebInfo|Win32.ActiveCfg = RelWithDebInfo|Win32
		{B73856C4-2146-399E-BE57-C8BC586EE0E1}.RelWithDebInfo|Win32.Build.0 = RelWithDebInfo|Win32
		{88B3C686-8ED8-323E-9783-DCBF397A9C42}.Debug|Win32.ActiveCfg = Debug|Win32
		{88B3C686-8ED8-323E-9783-DCBF397A9C42}.Debug|Win32.Build.0 = Debug|Win32
		{88B3C686-8ED8-323E-9783-DCBF397A9C42}.Release|Win32.ActiveCfg = Release|Win32
		{88B3C686-8ED8-323E-9783-DCBF397A9C42}.Release|Win32.Build.0 = Release|Win32
		{88B3C686-8ED8-323E-9783-DCBF397A9C42}.MinSizeRel|Win32.ActiveCfg = MinSizeRel|Win32
		{88B3C686-8ED8-323E-9783-DCBF397A9C42}.MinSizeRel|Win32.Build.0 = MinSizeRel|Win32
		{88B3C686-8ED8-323E-9783-DCBF397A9C42}.RelWithDebInfo|Win32.ActiveCfg = RelWithDebInfo|Win32
		{88B3C686-8ED8-323E-9783-DCBF397A9C42}.RelWithDebInfo|Win32.Build.0 = RelWithDebInfo|Win32
		{EA167FC5-C8CE-393E-8A09-C3EDD72E2EAC}.Debug|Win32.ActiveCfg = Debug|Win32
		{EA167FC5-C8CE-393E-8A09-C3EDD72E2EAC}.Debug|Win32.Build.0 = Debug|Win32
		{EA167FC5-C8CE-393E-8A09-C3EDD72E2EAC}.Release|Win32.ActiveCfg = Release|Win32
		{EA167FC5-C8CE-393E-8A09-C3EDD72E2EAC}.Release|Win32.Build.0 = Release|Win32
		{EA167FC5-C8CE-393E-8A09-C3EDD72E2EAC}.MinSizeRel|Win32.ActiveCfg = MinSizeRel|Win32
		{EA167FC5-C8CE-393E-8A09-C3EDD72E2EAC}.MinSizeRel|Win32.Build.0 = MinSizeRel|Win32
		{EA167FC5-C8CE-393E-8A09-C3EDD72E2EAC}.RelWithDebInfo|Win32.ActiveCfg = RelWithDebInfo|Win32
		{EA167FC5-C8CE-393E-8A09-C3EDD72E2EAC}.RelWithDebInfo|Win32.Build.0 = RelWithDebInfo|Win32
		{CFAED16A-9238-3502-8D57-9FC4AD8F64E3}.Debug|Win32.ActiveCfg = Debug|Win32
		{CFAED16A-9238-3502-8D57-9FC4AD8F64E3}.Debug|Win32.Build.0 = Debug|Win32
		{CFAED16A-9238-3502-8D57-9FC4AD8F64E3}.Release|Win32.ActiveCfg = Release|Win32
		{CFAED16A-9238-3502-8D57-9FC4AD8F64E3}.Release|Win32.Build.0 = Release|Win32
		{CFAED16A-9238-3502-8D57-9FC4AD8F64E3}.MinSizeRel|Win32.ActiveCfg = MinSizeRel|Win32
		{CFAED16A-9238-3502-8D57-9FC4AD8F64E3}.MinSizeRel|Win32.Build.0 = MinSizeRel|Win32
		{CFAED16A-9238-3502-8D57-9FC4AD8F64E3}.RelWithDebInfo|Win32.ActiveCfg = RelWithDebInfo|Win32
		{CFAED16A-9238-3502-8D57-9FC4AD8F64E3}.RelWithDebInfo|Win32.Build.0 = RelWithDebInfo|Win32
		{CFE7BCEC-CE0B-3ABF-B442-40E208E9F38A}.Debug|Win32.ActiveCfg = Debug|Win32
		{CFE7BCEC-CE0B-3ABF-B442-40E208E9F38A}.Debug|Win32.Build.0 = Debug|Win32
		{CFE7BCEC-CE0B-3ABF-B442-40E208E9F38A}.Release|Win32.ActiveCfg = Release|Win32
		{CFE7BCEC-CE0B-3ABF-B442-40E208E9F38A}.Release|Win32.Build.0 = Release|Win32
		{CFE7BCEC-CE0B-3ABF-B442-40E208E9F38A}.MinSizeRel|Win32.ActiveCfg = MinSizeRel|Win32
		{CFE7BCEC-CE0B-3ABF-B442-40E208E9F38A}.MinSizeRel|Win32.Build.0 = MinSizeRel|Win32
		{CFE7BCEC-CE0B-3ABF-B442-40E208E9F38A}.RelWithDebInfo|Win32.ActiveCfg = RelWithDebInfo|Win32
		{CFE7BCEC-CE0B-3ABF-B442-40E208E9F38A}.RelWithDebInfo|Win32.Build.0 = RelWithDebInfo|Win32
		{44523D92-05DD-3D6D-BFC5-32E05374C573}.Debug|Win32.ActiveCfg = Debug|Win32
		{44523D92-05DD-3D6D-BFC5-32E05374C573}.Debug|Win32.Build.0 = Debug|Win32
		{44523D92-05DD-3D6D-BFC5-32E05374C573}.Release|Win32.ActiveCfg = Release|Win32
		{44523D92-05DD-3D6D-BFC5-32E05374C573}.Release|Win32.Build.0 = Release|Win32
		{44523D92-05DD-3D6D-BFC5-32E05374C573}.MinSizeRel|Win32.ActiveCfg = MinSizeRel|Win32
		{44523D92-05DD-3D6D-BFC5-32E05374C573}.MinSizeRel|Win32.Build.0 = MinSizeRel|Win32
		{44523D92-05DD-3D6D-BFC5-32E05374C573}.RelWithDebInfo|Win32.ActiveCfg = RelWithDebInfo|Win32
		{44523D92-05DD-3D6D-BFC5-32E05374C573}.RelWithDebInfo|Win32.Build.0 = RelWithDebInfo|Win32
		{EB3EF68E-96ED-3CA8-BFAC-2E64E65821B0}.Debug|Win32.ActiveCfg = Debug|Win32
		{EB3EF68E-96ED-3CA8-BFAC-2E64E65821B0}.Debug|Win32.Build.0 = Debug|Win32
		{EB3EF68E-96ED-3CA8-BFAC-2E64E65821B0}.Release|Win32.ActiveCfg = Release|Win32
		{EB3EF68E-96ED-3CA8-BFAC-2E64E65821B0}.Release|Win32.Build.0 = Release|Win32
		{EB3EF68E-96ED-3CA8-BFAC-2E64E65821B0}.MinSizeRel|Win32.ActiveCfg = MinSizeRel|Win32
		{EB3EF68E-96ED-3CA8-BFAC-2E64E65821B0}.MinSizeRel|Win32.Build.0 = MinSizeRel|Win32
		{EB3EF68E-96ED-3CA8-BFAC-2E64E65821B0}.RelWithDebInfo|Win32.ActiveCfg = RelWithDebInfo|Win32
		{EB3EF68E-96ED-3CA8-BFAC-2E64E65821B0}.RelWithDebInfo|Win32.Build.0 = RelWithDebInfo|Win32
		{E64DFC26-6BEB-32BB-947D-30861521B89B}.Debug|Win32.ActiveCfg = Debug|Win32
		{E64DFC26-6BEB-32BB-947D-30861521B89B}.Debug|Win32.Build.0 = Debug|Win32
		{E64DFC26-6BEB-32BB-947D-30861521B89B}.Release|Win32.ActiveCfg = Release|Win32
		{E64DFC26-6BEB-32BB-947D-30861521B89B}.Release|Win32.Build.0 = Release|Win32
		{E64DFC26-6BEB-32BB-947D-30861521B89B}.MinSizeRel|Win32.ActiveCfg = MinSizeRel|Win32
		{E64DFC26-6BEB-32BB-947D-30861521B89B}.MinSizeRel|Win32.Build.0 = MinSizeRel|Win32
		{E64DFC26-6BEB-32BB-947D-30861521B89B}.RelWithDebInfo|Win32.ActiveCfg = RelWithDebInfo|Win32
		{E64DFC26-6BEB-32BB-947D-30861521B89B}.RelWithDebInfo|Win32.Build.0 = RelWithDebInfo|Win32
		{3F68B919-0028-34AA-9E24-6FF50EBE80CA}.Debug|Win32.ActiveCfg = Debug|Win32
		{3F68B919-0028-34AA-9E24-6FF50EBE80CA}.Debug|Win32.Build.0 = Debug|Win32
		{3F68B919-0028-34AA-9E24-6FF50EBE80CA}.Release|Win32.ActiveCfg = Release|Win32
		{3F68B919-0028-34AA-9E24-6FF50EBE80CA}.Release|Win32.Build.0 = Release|Win32
		{3F68B919-0028-34AA-9E24-6FF50EBE80CA}.MinSizeRel|Win32.ActiveCfg = MinSizeRel|Win32
		{3F68B919-0028-34AA-9E24-6FF50EBE80CA}.MinSizeRel|Win32.Build.0 = MinSizeRel|Win32
		{3F68B919-0028-34AA-9E24-6FF50EBE80CA}.RelWithDebInfo|Win32.ActiveCfg = RelWithDebInfo|Win32
		{3F68B919-0028-34AA-9E24-6FF50EBE80CA}.RelWithDebInfo|Win32.Build.0 = RelWithDebInfo|Win32
		{2C7BF126-B935-3649-B140-D71AFA4F7760}.Debug|Win32.ActiveCfg = Debug|Win32
		{2C7BF126-B935-3649-B140-D71AFA4F7760}.Debug|Win32.Build.0 = Debug|Win32
		{2C7BF126-B935-3649-B140-D71AFA4F7760}.Release|Win32.ActiveCfg = Release|Win32
		{2C7BF126-B935-3649-B140-D71AFA4F7760}.Release|Win32.Build.0 = Release|Win32
		{2C7BF126-B935-3649-B140-D71AFA4F7760}.MinSizeRel|Win32.ActiveCfg = MinSizeRel|Win32
		{2C7BF126-B935-3649-B140-D71AFA4F7760}.MinSizeRel|Win32.Build.0 = MinSizeRel|Win32
		{2C7BF126-B935-3649-B140-D71AFA4F7760}.RelWithDebInfo|Win32.ActiveCfg = RelWithDebInfo|Win32
		{2C7BF126-B935-3649-B140-D71AFA4F7760}.RelWithDebInfo|Win32.Build.0 = RelWithDebInfo|Win32
		{257CBFAF-3D66-38B8-AABC-551ECB4B3F89}.Debug|Win32.ActiveCfg = Debug|Win32
		{257CBFAF-3D66-38B8-AABC-551ECB4B3F89}.Debug|Win32.Build.0 = Debug|Win32
		{257CBFAF-3D66-38B8-AABC-551ECB4B3F89}.Release|Win32.ActiveCfg = Release|Win32
		{257CBFAF-3D66-38B8-AABC-551ECB4B3F89}.Release|Win32.Build.0 = Release|Win32
		{257CBFAF-3D66-38B8-AABC-551ECB4B3F89}.MinSizeRel|Win32.ActiveCfg = MinSizeRel|Win32
		{257CBFAF-3D66-38B8-AABC-551ECB4B3F89}.MinSizeRel|Win32.Build.0 = MinSizeRel|Win32
		{257CBFAF-3D66-38B8-AABC-551ECB4B3F89}.RelWithDebInfo|Win32.ActiveCfg = RelWithDebInfo|Win32
		{257CBFAF-3D66-38B8-AABC-551ECB4B3F89}.RelWithDebInfo|Win32.Build.0 = RelWithDebInfo|Win32
		{BBA86E67-46EB-3E21-A515-AA5D0DD4194E}.Debug|Win32.ActiveCfg = Debug|Win32
		{BBA86E67-46EB-3E21-A515-AA5D0DD4194E}.Debug|Win32.Build.0 = Debug|Win32
		{BBA86E67-46EB-3E21-A515-AA5D0DD4194E}.Release|Win32.ActiveCfg = Release|Win32
		{BBA86E67-46EB-3E21-A515-AA5D0DD4194E}.Release|Win32.Build.0 = Release|Win32
		{BBA86E67-46EB-3E21-A515-AA5D0DD4194E}.MinSizeRel|Win32.ActiveCfg = MinSizeRel|Win32
		{BBA86E67-46EB-3E21-A515-AA5D0DD4194E}.MinSizeRel|Win32.Build.0 = MinSizeRel|Win32
		{BBA86E67-46EB-3E21-A515-AA5D0DD4194E}.RelWithDebInfo|Win32.ActiveCfg = RelWithDebInfo|Win32
		{BBA86E67-46EB-3E21-A515-AA5D0DD4194E}.RelWithDebInfo|Win32.Build.0 = RelWithDebInfo|Win32
		{91FCE934-BB38-3D7A-A52A-CDA7EBAFD1F2}.Debug|Win32.ActiveCfg = Debug|Win32
		{91FCE934-BB38-3D7A-A52A-CDA7EBAFD1F2}.Debug|Win32.Build.0 = Debug|Win32
		{91FCE934-BB38-3D7A-A52A-CDA7EBAFD1F2}.Release|Win32.ActiveCfg = Release|Win32
		{91FCE934-BB38-3D7A-A52A-CDA7EBAFD1F2}.Release|Win32.Build.0 = Release|Win32
		{91FCE934-BB38-3D7A-A52A-CDA7EBAFD1F2}.MinSizeRel|Win32.ActiveCfg = MinSizeRel|Win32
		{91FCE934-BB38-3D7A-A52A-CDA7EBAFD1F2}.MinSizeRel|Win32.Build.0 = MinSizeRel|Win32
		{91FCE934-BB38-3D7A-A52A-CDA7EBAFD1F2}.RelWithDebInfo|Win32.ActiveCfg = RelWithDebInfo|Win32
		{91FCE934-BB38-3D7A-A52A-CDA7EBAFD1F2}.RelWithDebInfo|Win32.Build.0 = RelWithDebInfo|Win32
		{9419299D-7CF5-3461-9DD3-457E60F00F07}.Debug|Win32.ActiveCfg = Debug|Win32
		{9419299D-7CF5-3461-9DD3-457E60F00F07}.Debug|Win32.Build.0 = Debug|Win32
		{9419299D-7CF5-3461-9DD3-457E60F00F07}.Release|Win32.ActiveCfg = Release|Win32
		{9419299D-7CF5-3461-9DD3-457E60F00F07}.Release|Win32.Build.0 = Release|Win32
		{9419299D-7CF5-3461-9DD3-457E60F00F07}.MinSizeRel|Win32.ActiveCfg = MinSizeRel|Win32
		{9419299D-7CF5-3461-9DD3-457E60F00F07}.MinSizeRel|Win32.Build.0 = MinSizeRel|Win32
		{9419299D-7CF5-3461-9DD3-457E60F00F07}.RelWithDebInfo|Win32.ActiveCfg = RelWithDebInfo|Win32
		{9419299D-7CF5-3461-9DD3-457E60F00F07}.RelWithDebInfo|Win32.Build.0 = RelWithDebInfo|Win32
		{CD1D20CC-437A-3F0B-B193-B9089A3A610F}.Debug|Win32.ActiveCfg = Debug|Win32
		{CD1D20CC-437A-3F0B-B193-B9089A3A610F}.Debug|Win32.Build.0 = Debug|Win32
		{CD1D20CC-437A-3F0B-B193-B9089A3A610F}.Release|Win32.ActiveCfg = Release|Win32
		{CD1D20CC-437A-3F0B-B193-B9089A3A610F}.Release|Win32.Build.0 = Release|Win32
		{CD1D20CC-437A-3F0B-B193-B9089A3A610F}.MinSizeRel|Win32.ActiveCfg = MinSizeRel|Win32
		{CD1D20CC-437A-3F0B-B193-B9089A3A610F}.MinSizeRel|Win32.Build.0 = MinSizeRel|Win32
		{CD1D20CC-437A-3F0B-B193-B9089A3A610F}.RelWithDebInfo|Win32.ActiveCfg = RelWithDebInfo|Win32
		{CD1D20CC-437A-3F0B-B193-B9089A3A610F}.RelWithDebInfo|Win32.Build.0 = RelWithDebInfo|Win32
		{14D46F24-849F-384D-994A-540747EFF9CE}.Debug|Win32.ActiveCfg = Debug|Win32
		{14D46F24-849F-384D-994A-540747EFF9CE}.Debug|Win32.Build.0 = Debug|Win32
		{14D46F24-849F-384D-994A-540747EFF9CE}.Release|Win32.ActiveCfg = Release|Win32
		{14D46F24-849F-384D-994A-540747EFF9CE}.Release|Win32.Build.0 = Release|Win32
		{14D46F24-849F-384D-994A-540747EFF9CE}.MinSizeRel|Win32.ActiveCfg = MinSizeRel|Win32
		{14D46F24-849F-384D-994A-540747EFF9CE}.MinSizeRel|Win32.Build.0 = MinSizeRel|Win32
		{14D46F24-849F-384D-994A-540747EFF9CE}.RelWithDebInfo|Win32.ActiveCfg = RelWithDebInfo|Win32
		{14D46F24-849F-384D-994A-540747EFF9CE}.RelWithDebInfo|Win32.Build.0 = RelWithDebInfo|Win32
		{E615162D-0255-3C2F-BEDC-AB5E45F2D97B}.Debug|Win32.ActiveCfg = Debug|Win32
		{E615162D-0255-3C2F-BEDC-AB5E45F2D97B}.Debug|Win32.Build.0 = Debug|Win32
		{E615162D-0255-3C2F-BEDC-AB5E45F2D97B}.Release|Win32.ActiveCfg = Release|Win32
		{E615162D-0255-3C2F-BEDC-AB5E45F2D97B}.Release|Win32.Build.0 = Release|Win32
		{E615162D-0255-3C2F-BEDC-AB5E45F2D97B}.MinSizeRel|Win32.ActiveCfg = MinSizeRel|Win32
		{E615162D-0255-3C2F-BEDC-AB5E45F2D97B}.MinSizeRel|Win32.Build.0 = MinSizeRel|Win32
		{E615162D-0255-3C2F-BEDC-AB5E45F2D97B}.RelWithDebInfo|Win32.ActiveCfg = RelWithDebInfo|Win32
		{E615162D-0255-3C2F-BEDC-AB5E45F2D97B}.RelWithDebInfo|Win32.Build.0 = RelWithDebInfo|Win32
		{48254989-409F-3A18-8F42-EDE8119BB27D}.Debug|Win32.ActiveCfg = Debug|Win32
		{48254989-409F-3A18-8F42-EDE8119BB27D}.Debug|Win32.Build.0 = Debug|Win32
		{48254989-409F-3A18-8F42-EDE8119BB27D}.Release|Win32.ActiveCfg = Release|Win32
		{48254989-409F-3A18-8F42-EDE8119BB27D}.Release|Win32.Build.0 = Release|Win32
		{48254989-409F-3A18-8F42-EDE8119BB27D}.MinSizeRel|Win32.ActiveCfg = MinSizeRel|Win32
		{48254989-409F-3A18-8F42-EDE8119BB27D}.MinSizeRel|Win32.Build.0 = MinSizeRel|Win32
		{48254989-409F-3A18-8F42-EDE8119BB27D}.RelWithDebInfo|Win32.ActiveCfg = RelWithDebInfo|Win32
		{48254989-409F-3A18-8F42-EDE8119BB27D}.RelWithDebInfo|Win32.Build.0 = RelWithDebInfo|Win32
		{32E8EE0D-28F1-3767-AD3E-D148DF551C7C}.Debug|Win32.ActiveCfg = Debug|Win32
		{32E8EE0D-28F1-3767-AD3E-D148DF551C7C}.Debug|Win32.Build.0 = Debug|Win32
		{32E8EE0D-28F1-3767-AD3E-D148DF551C7C}.Release|Win32.ActiveCfg = Release|Win32
		{32E8EE0D-28F1-3767-AD3E-D148DF551C7C}.Release|Win32.Build.0 = Release|Win32
		{32E8EE0D-28F1-3767-AD3E-D148DF551C7C}.MinSizeRel|Win32.ActiveCfg = MinSizeRel|Win32
		{32E8EE0D-28F1-3767-AD3E-D148DF551C7C}.MinSizeRel|Win32.Build.0 = MinSizeRel|Win32
		{32E8EE0D-28F1-3767-AD3E-D148DF551C7C}.RelWithDebInfo|Win32.ActiveCfg = RelWithDebInfo|Win32
		{32E8EE0D-28F1-3767-AD3E-D148DF551C7C}.RelWithDebInfo|Win32.Build.0 = RelWithDebInfo|Win32
		{E8E5DD4B-B348-3A82-9347-CD3E33EB952E}.Debug|Win32.ActiveCfg = Debug|Win32
		{E8E5DD4B-B348-3A82-9347-CD3E33EB952E}.Debug|Win32.Build.0 = Debug|Win32
		{E8E5DD4B-B348-3A82-9347-CD3E33EB952E}.Release|Win32.ActiveCfg = Release|Win32
		{E8E5DD4B-B348-3A82-9347-CD3E33EB952E}.Release|Win32.Build.0 = Release|Win32
		{E8E5DD4B-B348-3A82-9347-CD3E33EB952E}.MinSizeRel|Win32.ActiveCfg = MinSizeRel|Win32
		{E8E5DD4B-B348-3A82-9347-CD3E33EB952E}.MinSizeRel|Win32.Build.0 = MinSizeRel|Win32
		{E8E5DD4B-B348-3A82-9347-CD3E33EB952E}.RelWithDebInfo|Win32.ActiveCfg = RelWithDebInfo|Win32
		{E8E5DD4B-B348-3A82-9347-CD3E33EB952E}.RelWithDebInfo|Win32.Build.0 = RelWithDebInfo|Win32
		{A65D68EA-A44D-3152-8E2D-B22D2CB7FB7D}.Debug|Win32.ActiveCfg = Debug|Win32
		{A65D68EA-A44D-3152-8E2D-B22D2CB7FB7D}.Debug|Win32.Build.0 = Debug|Win32
		{A65D68EA-A44D-3152-8E2D-B22D2CB7FB7D}.Release|Win32.ActiveCfg = Release|Win32
		{A65D68EA-A44D-3152-8E2D-B22D2CB7FB7D}.Release|Win32.Build.0 = Release|Win32
		{A65D68EA-A44D-3152-8E2D-B22D2CB7FB7D}.MinSizeRel|Win32.ActiveCfg = MinSizeRel|Win32
		{A65D68EA-A44D-3152-8E2D-B22D2CB7FB7D}.MinSizeRel|Win32.Build.0 = MinSizeRel|Win32
		{A65D68EA-A44D-3152-8E2D-B22D2CB7FB7D}.RelWithDebInfo|Win32.ActiveCfg = RelWithDebInfo|Win32
		{A65D68EA-A44D-3152-8E2D-B22D2CB7FB7D}.RelWithDebInfo|Win32.Build.0 = RelWithDebInfo|Win32
		{DFEF7E58-2940-3749-B291-962AAFE99064}.Debug|Win32.ActiveCfg = Debug|Win32
		{DFEF7E58-2940-3749-B291-962AAFE99064}.Debug|Win32.Build.0 = Debug|Win32
		{DFEF7E58-2940-3749-B291-962AAFE99064}.Release|Win32.ActiveCfg = Release|Win32
		{DFEF7E58-2940-3749-B291-962AAFE99064}.Release|Win32.Build.0 = Release|Win32
		{DFEF7E58-2940-3749-B291-962AAFE99064}.MinSizeRel|Win32.ActiveCfg = MinSizeRel|Win32
		{DFEF7E58-2940-3749-B291-962AAFE99064}.MinSizeRel|Win32.Build.0 = MinSizeRel|Win32
		{DFEF7E58-2940-3749-B291-962AAFE99064}.RelWithDebInfo|Win32.ActiveCfg = RelWithDebInfo|Win32
		{DFEF7E58-2940-3749-B291-962AAFE99064}.RelWithDebInfo|Win32.Build.0 = RelWithDebInfo|Win32
		{D4826B48-8262-3C30-A44B-D1C75D8EFE0F}.Debug|Win32.ActiveCfg = Debug|Win32
		{D4826B48-8262-3C30-A44B-D1C75D8EFE0F}.Debug|Win32.Build.0 = Debug|Win32
		{D4826B48-8262-3C30-A44B-D1C75D8EFE0F}.Release|Win32.ActiveCfg = Release|Win32
		{D4826B48-8262-3C30-A44B-D1C75D8EFE0F}.Release|Win32.Build.0 = Release|Win32
		{D4826B48-8262-3C30-A44B-D1C75D8EFE0F}.MinSizeRel|Win32.ActiveCfg = MinSizeRel|Win32
		{D4826B48-8262-3C30-A44B-D1C75D8EFE0F}.MinSizeRel|Win32.Build.0 = MinSizeRel|Win32
		{D4826B48-8262-3C30-A44B-D1C75D8EFE0F}.RelWithDebInfo|Win32.ActiveCfg = RelWithDebInfo|Win32
		{D4826B48-8262-3C30-A44B-D1C75D8EFE0F}.RelWithDebInfo|Win32.Build.0 = RelWithDebInfo|Win32
		{F8E89247-407B-3B1F-AB84-06737B1B1BFC}.Debug|Win32.ActiveCfg = Debug|Win32
		{F8E89247-407B-3B1F-AB84-06737B1B1BFC}.Release|Win32.ActiveCfg = Release|Win32
		{F8E89247-407B-3B1F-AB84-06737B1B1BFC}.MinSizeRel|Win32.ActiveCfg = MinSizeRel|Win32
		{F8E89247-407B-3B1F-AB84-06737B1B1BFC}.RelWithDebInfo|Win32.ActiveCfg = RelWithDebInfo|Win32
		{2F2D8B80-5B08-346D-8DED-BD3F3F762952}.Debug|Win32.ActiveCfg = Debug|Win32
		{2F2D8B80-5B08-346D-8DED-BD3F3F762952}.Debug|Win32.Build.0 = Debug|Win32
		{2F2D8B80-5B08-346D-8DED-BD3F3F762952}.Release|Win32.ActiveCfg = Release|Win32
		{2F2D8B80-5B08-346D-8DED-BD3F3F762952}.Release|Win32.Build.0 = Release|Win32
		{2F2D8B80-5B08-346D-8DED-BD3F3F762952}.MinSizeRel|Win32.ActiveCfg = MinSizeRel|Win32
		{2F2D8B80-5B08-346D-8DED-BD3F3F762952}.MinSizeRel|Win32.Build.0 = MinSizeRel|Win32
		{2F2D8B80-5B08-346D-8DED-BD3F3F762952}.RelWithDebInfo|Win32.ActiveCfg = RelWithDebInfo|Win32
		{2F2D8B80-5B08-346D-8DED-BD3F3F762952}.RelWithDebInfo|Win32.Build.0 = RelWithDebInfo|Win32
		{12C6797E-7D5A-3C2F-B3E0-FC8574331079}.Debug|Win32.ActiveCfg = Debug|Win32
		{12C6797E-7D5A-3C2F-B3E0-FC8574331079}.Debug|Win32.Build.0 = Debug|Win32
		{12C6797E-7D5A-3C2F-B3E0-FC8574331079}.Release|Win32.ActiveCfg = Release|Win32
		{12C6797E-7D5A-3C2F-B3E0-FC8574331079}.Release|Win32.Build.0 = Release|Win32
		{12C6797E-7D5A-3C2F-B3E0-FC8574331079}.MinSizeRel|Win32.ActiveCfg = MinSizeRel|Win32
		{12C6797E-7D5A-3C2F-B3E0-FC8574331079}.MinSizeRel|Win32.Build.0 = MinSizeRel|Win32
		{12C6797E-7D5A-3C2F-B3E0-FC8574331079}.RelWithDebInfo|Win32.ActiveCfg = RelWithDebInfo|Win32
		{12C6797E-7D5A-3C2F-B3E0-FC8574331079}.RelWithDebInfo|Win32.Build.0 = RelWithDebInfo|Win32
		{A4035290-B36E-3631-9E5E-E13B40DB15B2}.Debug|Win32.ActiveCfg = Debug|Win32
		{A4035290-B36E-3631-9E5E-E13B40DB15B2}.Debug|Win32.Build.0 = Debug|Win32
		{A4035290-B36E-3631-9E5E-E13B40DB15B2}.Release|Win32.ActiveCfg = Release|Win32
		{A4035290-B36E-3631-9E5E-E13B40DB15B2}.Release|Win32.Build.0 = Release|Win32
		{A4035290-B36E-3631-9E5E-E13B40DB15B2}.MinSizeRel|Win32.ActiveCfg = MinSizeRel|Win32
		{A4035290-B36E-3631-9E5E-E13B40DB15B2}.MinSizeRel|Win32.Build.0 = MinSizeRel|Win32
		{A4035290-B36E-3631-9E5E-E13B40DB15B2}.RelWithDebInfo|Win32.ActiveCfg = RelWithDebInfo|Win32
		{A4035290-B36E-3631-9E5E-E13B40DB15B2}.RelWithDebInfo|Win32.Build.0 = RelWithDebInfo|Win32
	EndGlobalSection
	GlobalSection(NestedProjects) = preSolution
		{3589F81E-6F80-3B89-8580-0EF5F54A042F} = {17B1C9F7-98F3-3F7F-978E-63372E554772}
		{B8FD701A-080C-3717-911B-10F27463A31C} = {17B1C9F7-98F3-3F7F-978E-63372E554772}
		{10093B90-C9A5-3B67-B365-26365A08A29C} = {17B1C9F7-98F3-3F7F-978E-63372E554772}
		{656190BB-C3BB-39B3-BEA4-0D7EA10C9903} = {E3A0B5B0-7980-3389-A8FD-406CF162708A}
		{7E3ABC4B-3B06-3FA4-A95A-4DB0E55B6EF6} = {E3A0B5B0-7980-3389-A8FD-406CF162708A}
		{CFAED16A-9238-3502-8D57-9FC4AD8F64E3} = {E3A0B5B0-7980-3389-A8FD-406CF162708A}
		{F8E89247-407B-3B1F-AB84-06737B1B1BFC} = {E3A0B5B0-7980-3389-A8FD-406CF162708A}
		{829761F2-750F-30D9-B533-BA82EF4319C7} = {656190BB-C3BB-39B3-BEA4-0D7EA10C9903}
		{EA167FC5-C8CE-393E-8A09-C3EDD72E2EAC} = {656190BB-C3BB-39B3-BEA4-0D7EA10C9903}
		{44523D92-05DD-3D6D-BFC5-32E05374C573} = {656190BB-C3BB-39B3-BEA4-0D7EA10C9903}
		{91FCE934-BB38-3D7A-A52A-CDA7EBAFD1F2} = {656190BB-C3BB-39B3-BEA4-0D7EA10C9903}
		{CD1D20CC-437A-3F0B-B193-B9089A3A610F} = {656190BB-C3BB-39B3-BEA4-0D7EA10C9903}
		{E615162D-0255-3C2F-BEDC-AB5E45F2D97B} = {656190BB-C3BB-39B3-BEA4-0D7EA10C9903}
		{48254989-409F-3A18-8F42-EDE8119BB27D} = {656190BB-C3BB-39B3-BEA4-0D7EA10C9903}
		{32E8EE0D-28F1-3767-AD3E-D148DF551C7C} = {656190BB-C3BB-39B3-BEA4-0D7EA10C9903}
		{12C6797E-7D5A-3C2F-B3E0-FC8574331079} = {656190BB-C3BB-39B3-BEA4-0D7EA10C9903}
		{D14DD266-05E7-3C06-9687-98E2923FF7BB} = {7E3ABC4B-3B06-3FA4-A95A-4DB0E55B6EF6}
		{80CFC61B-36B4-3CC8-AF9C-00906FE5ACEA} = {7E3ABC4B-3B06-3FA4-A95A-4DB0E55B6EF6}
		{E1DC943E-8AB6-3509-BD8E-3683117B32AA} = {7E3ABC4B-3B06-3FA4-A95A-4DB0E55B6EF6}
		{B73856C4-2146-399E-BE57-C8BC586EE0E1} = {7E3ABC4B-3B06-3FA4-A95A-4DB0E55B6EF6}
		{88B3C686-8ED8-323E-9783-DCBF397A9C42} = {7E3ABC4B-3B06-3FA4-A95A-4DB0E55B6EF6}
		{CFE7BCEC-CE0B-3ABF-B442-40E208E9F38A} = {7E3ABC4B-3B06-3FA4-A95A-4DB0E55B6EF6}
		{EB3EF68E-96ED-3CA8-BFAC-2E64E65821B0} = {7E3ABC4B-3B06-3FA4-A95A-4DB0E55B6EF6}
		{E64DFC26-6BEB-32BB-947D-30861521B89B} = {7E3ABC4B-3B06-3FA4-A95A-4DB0E55B6EF6}
		{3F68B919-0028-34AA-9E24-6FF50EBE80CA} = {7E3ABC4B-3B06-3FA4-A95A-4DB0E55B6EF6}
		{2C7BF126-B935-3649-B140-D71AFA4F7760} = {7E3ABC4B-3B06-3FA4-A95A-4DB0E55B6EF6}
		{257CBFAF-3D66-38B8-AABC-551ECB4B3F89} = {7E3ABC4B-3B06-3FA4-A95A-4DB0E55B6EF6}
		{BBA86E67-46EB-3E21-A515-AA5D0DD4194E} = {7E3ABC4B-3B06-3FA4-A95A-4DB0E55B6EF6}
		{9419299D-7CF5-3461-9DD3-457E60F00F07} = {7E3ABC4B-3B06-3FA4-A95A-4DB0E55B6EF6}
		{14D46F24-849F-384D-994A-540747EFF9CE} = {7E3ABC4B-3B06-3FA4-A95A-4DB0E55B6EF6}
		{E8E5DD4B-B348-3A82-9347-CD3E33EB952E} = {7E3ABC4B-3B06-3FA4-A95A-4DB0E55B6EF6}
		{A65D68EA-A44D-3152-8E2D-B22D2CB7FB7D} = {7E3ABC4B-3B06-3FA4-A95A-4DB0E55B6EF6}
		{DFEF7E58-2940-3749-B291-962AAFE99064} = {7E3ABC4B-3B06-3FA4-A95A-4DB0E55B6EF6}
		{D4826B48-8262-3C30-A44B-D1C75D8EFE0F} = {7E3ABC4B-3B06-3FA4-A95A-4DB0E55B6EF6}
		{2F2D8B80-5B08-346D-8DED-BD3F3F762952} = {7E3ABC4B-3B06-3FA4-A95A-4DB0E55B6EF6}
		{A4035290-B36E-3631-9E5E-E13B40DB15B2} = {7E3ABC4B-3B06-3FA4-A95A-4DB0E55B6EF6}
	EndGlobalSection
	GlobalSection(ExtensibilityGlobals) = postSolution
		SolutionGuid = {F6DDD3F6-1888-3953-8608-200B8C8FC0E2}
	EndGlobalSection
	GlobalSection(ExtensibilityAddIns) = postSolution
	EndGlobalSection
EndGlobal
